// !$*UTF8*$!
{
	archiveVersion = 1;
	classes = {
	};
	objectVersion = 55;
	objects = {

/* Begin PBXBuildFile section */
		D2DE61E02671AAF100758033 /* Tests_iOS.swift in Sources */ = {isa = PBXBuildFile; fileRef = D2DE61DF2671AAF100758033 /* Tests_iOS.swift */; };
		D2DE61EA2671AAF100758033 /* Tests_macOS.swift in Sources */ = {isa = PBXBuildFile; fileRef = D2DE61E92671AAF100758033 /* Tests_macOS.swift */; };
		D2DE61EB2671AAF100758033 /* RoundHouseApp.swift in Sources */ = {isa = PBXBuildFile; fileRef = D2DE61C92671AAF000758033 /* RoundHouseApp.swift */; };
		D2DE61EC2671AAF100758033 /* RoundHouseApp.swift in Sources */ = {isa = PBXBuildFile; fileRef = D2DE61C92671AAF000758033 /* RoundHouseApp.swift */; };
		D2DE61ED2671AAF100758033 /* ContentView.swift in Sources */ = {isa = PBXBuildFile; fileRef = D2DE61CA2671AAF000758033 /* ContentView.swift */; };
		D2DE61EE2671AAF100758033 /* ContentView.swift in Sources */ = {isa = PBXBuildFile; fileRef = D2DE61CA2671AAF000758033 /* ContentView.swift */; };
		D2DE61EF2671AAF100758033 /* Assets.xcassets in Resources */ = {isa = PBXBuildFile; fileRef = D2DE61CB2671AAF100758033 /* Assets.xcassets */; };
		D2DE61F02671AAF100758033 /* Assets.xcassets in Resources */ = {isa = PBXBuildFile; fileRef = D2DE61CB2671AAF100758033 /* Assets.xcassets */; };
		D2DE620126728F2200758033 /* Database.framework in Frameworks */ = {isa = PBXBuildFile; fileRef = D2DE620026728F2200758033 /* Database.framework */; };
		D2DE620226728F2200758033 /* Database.framework in Embed Frameworks */ = {isa = PBXBuildFile; fileRef = D2DE620026728F2200758033 /* Database.framework */; settings = {ATTRIBUTES = (CodeSignOnCopy, RemoveHeadersOnCopy, ); }; };
		D2DE620426728F2800758033 /* Database.framework in Frameworks */ = {isa = PBXBuildFile; fileRef = D2DE620026728F2200758033 /* Database.framework */; };
		D2DE620526728F2800758033 /* Database.framework in Embed Frameworks */ = {isa = PBXBuildFile; fileRef = D2DE620026728F2200758033 /* Database.framework */; settings = {ATTRIBUTES = (CodeSignOnCopy, RemoveHeadersOnCopy, ); }; };
/* End PBXBuildFile section */

/* Begin PBXContainerItemProxy section */
		D2DE61DC2671AAF100758033 /* PBXContainerItemProxy */ = {
			isa = PBXContainerItemProxy;
			containerPortal = D2DE61C42671AAF000758033 /* Project object */;
			proxyType = 1;
			remoteGlobalIDString = D2DE61CF2671AAF100758033;
			remoteInfo = "RoundHouse (iOS)";
		};
		D2DE61E62671AAF100758033 /* PBXContainerItemProxy */ = {
			isa = PBXContainerItemProxy;
			containerPortal = D2DE61C42671AAF000758033 /* Project object */;
			proxyType = 1;
			remoteGlobalIDString = D2DE61D52671AAF100758033;
			remoteInfo = "RoundHouse (macOS)";
		};
/* End PBXContainerItemProxy section */

/* Begin PBXCopyFilesBuildPhase section */
		D2DE620326728F2200758033 /* Embed Frameworks */ = {
			isa = PBXCopyFilesBuildPhase;
			buildActionMask = 2147483647;
			dstPath = "";
			dstSubfolderSpec = 10;
			files = (
				D2DE620226728F2200758033 /* Database.framework in Embed Frameworks */,
			);
			name = "Embed Frameworks";
			runOnlyForDeploymentPostprocessing = 0;
		};
		D2DE620626728F2800758033 /* Embed Frameworks */ = {
			isa = PBXCopyFilesBuildPhase;
			buildActionMask = 2147483647;
			dstPath = "";
			dstSubfolderSpec = 10;
			files = (
				D2DE620526728F2800758033 /* Database.framework in Embed Frameworks */,
			);
			name = "Embed Frameworks";
			runOnlyForDeploymentPostprocessing = 0;
		};
/* End PBXCopyFilesBuildPhase section */

/* Begin PBXFileReference section */
		D2DE61C92671AAF000758033 /* RoundHouseApp.swift */ = {isa = PBXFileReference; lastKnownFileType = sourcecode.swift; path = RoundHouseApp.swift; sourceTree = "<group>"; };
		D2DE61CA2671AAF000758033 /* ContentView.swift */ = {isa = PBXFileReference; lastKnownFileType = sourcecode.swift; path = ContentView.swift; sourceTree = "<group>"; };
		D2DE61CB2671AAF100758033 /* Assets.xcassets */ = {isa = PBXFileReference; lastKnownFileType = folder.assetcatalog; path = Assets.xcassets; sourceTree = "<group>"; };
		D2DE61D02671AAF100758033 /* RoundHouse.app */ = {isa = PBXFileReference; explicitFileType = wrapper.application; includeInIndex = 0; path = RoundHouse.app; sourceTree = BUILT_PRODUCTS_DIR; };
		D2DE61D62671AAF100758033 /* RoundHouse.app */ = {isa = PBXFileReference; explicitFileType = wrapper.application; includeInIndex = 0; path = RoundHouse.app; sourceTree = BUILT_PRODUCTS_DIR; };
		D2DE61DB2671AAF100758033 /* Tests iOS.xctest */ = {isa = PBXFileReference; explicitFileType = wrapper.cfbundle; includeInIndex = 0; path = "Tests iOS.xctest"; sourceTree = BUILT_PRODUCTS_DIR; };
		D2DE61DF2671AAF100758033 /* Tests_iOS.swift */ = {isa = PBXFileReference; lastKnownFileType = sourcecode.swift; path = Tests_iOS.swift; sourceTree = "<group>"; };
		D2DE61E52671AAF100758033 /* Tests macOS.xctest */ = {isa = PBXFileReference; explicitFileType = wrapper.cfbundle; includeInIndex = 0; path = "Tests macOS.xctest"; sourceTree = BUILT_PRODUCTS_DIR; };
		D2DE61E92671AAF100758033 /* Tests_macOS.swift */ = {isa = PBXFileReference; lastKnownFileType = sourcecode.swift; path = Tests_macOS.swift; sourceTree = "<group>"; };
		D2DE620026728F2200758033 /* Database.framework */ = {isa = PBXFileReference; explicitFileType = wrapper.framework; path = Database.framework; sourceTree = BUILT_PRODUCTS_DIR; };
/* End PBXFileReference section */

/* Begin PBXFrameworksBuildPhase section */
		D2DE61CD2671AAF100758033 /* Frameworks */ = {
			isa = PBXFrameworksBuildPhase;
			buildActionMask = 2147483647;
			files = (
				D2DE620126728F2200758033 /* Database.framework in Frameworks */,
			);
			runOnlyForDeploymentPostprocessing = 0;
		};
		D2DE61D32671AAF100758033 /* Frameworks */ = {
			isa = PBXFrameworksBuildPhase;
			buildActionMask = 2147483647;
			files = (
				D2DE620426728F2800758033 /* Database.framework in Frameworks */,
			);
			runOnlyForDeploymentPostprocessing = 0;
		};
		D2DE61D82671AAF100758033 /* Frameworks */ = {
			isa = PBXFrameworksBuildPhase;
			buildActionMask = 2147483647;
			files = (
			);
			runOnlyForDeploymentPostprocessing = 0;
		};
		D2DE61E22671AAF100758033 /* Frameworks */ = {
			isa = PBXFrameworksBuildPhase;
			buildActionMask = 2147483647;
			files = (
			);
			runOnlyForDeploymentPostprocessing = 0;
		};
/* End PBXFrameworksBuildPhase section */

/* Begin PBXGroup section */
		D2DE61C32671AAF000758033 = {
			isa = PBXGroup;
			children = (
				D2DE61C82671AAF000758033 /* Shared */,
				D2DE61DE2671AAF100758033 /* Tests iOS */,
				D2DE61E82671AAF100758033 /* Tests macOS */,
				D2DE61D12671AAF100758033 /* Products */,
				D2DE61FF26728F2200758033 /* Frameworks */,
			);
			sourceTree = "<group>";
		};
		D2DE61C82671AAF000758033 /* Shared */ = {
			isa = PBXGroup;
			children = (
				D2DE61C92671AAF000758033 /* RoundHouseApp.swift */,
				D2DE61CA2671AAF000758033 /* ContentView.swift */,
				D2DE61CB2671AAF100758033 /* Assets.xcassets */,
			);
			path = Shared;
			sourceTree = "<group>";
		};
		D2DE61D12671AAF100758033 /* Products */ = {
			isa = PBXGroup;
			children = (
				D2DE61D02671AAF100758033 /* RoundHouse.app */,
				D2DE61D62671AAF100758033 /* RoundHouse.app */,
				D2DE61DB2671AAF100758033 /* Tests iOS.xctest */,
				D2DE61E52671AAF100758033 /* Tests macOS.xctest */,
			);
			name = Products;
			sourceTree = "<group>";
		};
		D2DE61DE2671AAF100758033 /* Tests iOS */ = {
			isa = PBXGroup;
			children = (
				D2DE61DF2671AAF100758033 /* Tests_iOS.swift */,
			);
			path = "Tests iOS";
			sourceTree = "<group>";
		};
		D2DE61E82671AAF100758033 /* Tests macOS */ = {
			isa = PBXGroup;
			children = (
				D2DE61E92671AAF100758033 /* Tests_macOS.swift */,
			);
			path = "Tests macOS";
			sourceTree = "<group>";
		};
		D2DE61FF26728F2200758033 /* Frameworks */ = {
			isa = PBXGroup;
			children = (
				D2DE620026728F2200758033 /* Database.framework */,
			);
			name = Frameworks;
			sourceTree = "<group>";
		};
/* End PBXGroup section */

/* Begin PBXNativeTarget section */
		D2DE61CF2671AAF100758033 /* RoundHouse (iOS) */ = {
			isa = PBXNativeTarget;
			buildConfigurationList = D2DE61F32671AAF100758033 /* Build configuration list for PBXNativeTarget "RoundHouse (iOS)" */;
			buildPhases = (
				D2DE61CC2671AAF100758033 /* Sources */,
				D2DE61CD2671AAF100758033 /* Frameworks */,
				D2DE61CE2671AAF100758033 /* Resources */,
				D2DE620326728F2200758033 /* Embed Frameworks */,
			);
			buildRules = (
			);
			dependencies = (
			);
			name = "RoundHouse (iOS)";
			productName = "RoundHouse (iOS)";
			productReference = D2DE61D02671AAF100758033 /* RoundHouse.app */;
			productType = "com.apple.product-type.application";
		};
		D2DE61D52671AAF100758033 /* RoundHouse (macOS) */ = {
			isa = PBXNativeTarget;
			buildConfigurationList = D2DE61F62671AAF100758033 /* Build configuration list for PBXNativeTarget "RoundHouse (macOS)" */;
			buildPhases = (
				D2DE61D22671AAF100758033 /* Sources */,
				D2DE61D32671AAF100758033 /* Frameworks */,
				D2DE61D42671AAF100758033 /* Resources */,
				D2DE620626728F2800758033 /* Embed Frameworks */,
			);
			buildRules = (
			);
			dependencies = (
			);
			name = "RoundHouse (macOS)";
			productName = "RoundHouse (macOS)";
			productReference = D2DE61D62671AAF100758033 /* RoundHouse.app */;
			productType = "com.apple.product-type.application";
		};
		D2DE61DA2671AAF100758033 /* Tests iOS */ = {
			isa = PBXNativeTarget;
			buildConfigurationList = D2DE61F92671AAF100758033 /* Build configuration list for PBXNativeTarget "Tests iOS" */;
			buildPhases = (
				D2DE61D72671AAF100758033 /* Sources */,
				D2DE61D82671AAF100758033 /* Frameworks */,
				D2DE61D92671AAF100758033 /* Resources */,
			);
			buildRules = (
			);
			dependencies = (
				D2DE61DD2671AAF100758033 /* PBXTargetDependency */,
			);
			name = "Tests iOS";
			productName = "Tests iOS";
			productReference = D2DE61DB2671AAF100758033 /* Tests iOS.xctest */;
			productType = "com.apple.product-type.bundle.ui-testing";
		};
		D2DE61E42671AAF100758033 /* Tests macOS */ = {
			isa = PBXNativeTarget;
			buildConfigurationList = D2DE61FC2671AAF100758033 /* Build configuration list for PBXNativeTarget "Tests macOS" */;
			buildPhases = (
				D2DE61E12671AAF100758033 /* Sources */,
				D2DE61E22671AAF100758033 /* Frameworks */,
				D2DE61E32671AAF100758033 /* Resources */,
			);
			buildRules = (
			);
			dependencies = (
				D2DE61E72671AAF100758033 /* PBXTargetDependency */,
			);
			name = "Tests macOS";
			productName = "Tests macOS";
			productReference = D2DE61E52671AAF100758033 /* Tests macOS.xctest */;
			productType = "com.apple.product-type.bundle.ui-testing";
		};
/* End PBXNativeTarget section */

/* Begin PBXProject section */
		D2DE61C42671AAF000758033 /* Project object */ = {
			isa = PBXProject;
			attributes = {
				BuildIndependentTargetsInParallel = 1;
				LastSwiftUpdateCheck = 1300;
				LastUpgradeCheck = 1300;
				TargetAttributes = {
					D2DE61CF2671AAF100758033 = {
						CreatedOnToolsVersion = 13.0;
					};
					D2DE61D52671AAF100758033 = {
						CreatedOnToolsVersion = 13.0;
					};
					D2DE61DA2671AAF100758033 = {
						CreatedOnToolsVersion = 13.0;
						TestTargetID = D2DE61CF2671AAF100758033;
					};
					D2DE61E42671AAF100758033 = {
						CreatedOnToolsVersion = 13.0;
						TestTargetID = D2DE61D52671AAF100758033;
					};
				};
			};
			buildConfigurationList = D2DE61C72671AAF000758033 /* Build configuration list for PBXProject "RoundHouse" */;
			compatibilityVersion = "Xcode 13.0";
			developmentRegion = en;
			hasScannedForEncodings = 0;
			knownRegions = (
				en,
				Base,
			);
			mainGroup = D2DE61C32671AAF000758033;
			productRefGroup = D2DE61D12671AAF100758033 /* Products */;
			projectDirPath = "";
			projectRoot = "";
			targets = (
				D2DE61CF2671AAF100758033 /* RoundHouse (iOS) */,
				D2DE61D52671AAF100758033 /* RoundHouse (macOS) */,
				D2DE61DA2671AAF100758033 /* Tests iOS */,
				D2DE61E42671AAF100758033 /* Tests macOS */,
			);
		};
/* End PBXProject section */

/* Begin PBXResourcesBuildPhase section */
		D2DE61CE2671AAF100758033 /* Resources */ = {
			isa = PBXResourcesBuildPhase;
			buildActionMask = 2147483647;
			files = (
				D2DE61EF2671AAF100758033 /* Assets.xcassets in Resources */,
			);
			runOnlyForDeploymentPostprocessing = 0;
		};
		D2DE61D42671AAF100758033 /* Resources */ = {
			isa = PBXResourcesBuildPhase;
			buildActionMask = 2147483647;
			files = (
				D2DE61F02671AAF100758033 /* Assets.xcassets in Resources */,
			);
			runOnlyForDeploymentPostprocessing = 0;
		};
		D2DE61D92671AAF100758033 /* Resources */ = {
			isa = PBXResourcesBuildPhase;
			buildActionMask = 2147483647;
			files = (
			);
			runOnlyForDeploymentPostprocessing = 0;
		};
		D2DE61E32671AAF100758033 /* Resources */ = {
			isa = PBXResourcesBuildPhase;
			buildActionMask = 2147483647;
			files = (
			);
			runOnlyForDeploymentPostprocessing = 0;
		};
/* End PBXResourcesBuildPhase section */

/* Begin PBXSourcesBuildPhase section */
		D2DE61CC2671AAF100758033 /* Sources */ = {
			isa = PBXSourcesBuildPhase;
			buildActionMask = 2147483647;
			files = (
				D2DE61ED2671AAF100758033 /* ContentView.swift in Sources */,
				D2DE61EB2671AAF100758033 /* RoundHouseApp.swift in Sources */,
			);
			runOnlyForDeploymentPostprocessing = 0;
		};
		D2DE61D22671AAF100758033 /* Sources */ = {
			isa = PBXSourcesBuildPhase;
			buildActionMask = 2147483647;
			files = (
				D2DE61EE2671AAF100758033 /* ContentView.swift in Sources */,
				D2DE61EC2671AAF100758033 /* RoundHouseApp.swift in Sources */,
			);
			runOnlyForDeploymentPostprocessing = 0;
		};
		D2DE61D72671AAF100758033 /* Sources */ = {
			isa = PBXSourcesBuildPhase;
			buildActionMask = 2147483647;
			files = (
				D2DE61E02671AAF100758033 /* Tests_iOS.swift in Sources */,
			);
			runOnlyForDeploymentPostprocessing = 0;
		};
		D2DE61E12671AAF100758033 /* Sources */ = {
			isa = PBXSourcesBuildPhase;
			buildActionMask = 2147483647;
			files = (
				D2DE61EA2671AAF100758033 /* Tests_macOS.swift in Sources */,
			);
			runOnlyForDeploymentPostprocessing = 0;
		};
/* End PBXSourcesBuildPhase section */

/* Begin PBXTargetDependency section */
		D2DE61DD2671AAF100758033 /* PBXTargetDependency */ = {
			isa = PBXTargetDependency;
			target = D2DE61CF2671AAF100758033 /* RoundHouse (iOS) */;
			targetProxy = D2DE61DC2671AAF100758033 /* PBXContainerItemProxy */;
		};
		D2DE61E72671AAF100758033 /* PBXTargetDependency */ = {
			isa = PBXTargetDependency;
			target = D2DE61D52671AAF100758033 /* RoundHouse (macOS) */;
			targetProxy = D2DE61E62671AAF100758033 /* PBXContainerItemProxy */;
		};
/* End PBXTargetDependency section */

/* Begin XCBuildConfiguration section */
		D2DE61F12671AAF100758033 /* Debug */ = {
			isa = XCBuildConfiguration;
			buildSettings = {
				ALWAYS_SEARCH_USER_PATHS = NO;
				CLANG_ANALYZER_NONNULL = YES;
				CLANG_ANALYZER_NUMBER_OBJECT_CONVERSION = YES_AGGRESSIVE;
				CLANG_CXX_LANGUAGE_STANDARD = "gnu++14";
				CLANG_CXX_LIBRARY = "libc++";
				CLANG_ENABLE_MODULES = YES;
				CLANG_ENABLE_OBJC_ARC = YES;
				CLANG_ENABLE_OBJC_WEAK = YES;
				CLANG_WARN_BLOCK_CAPTURE_AUTORELEASING = YES;
				CLANG_WARN_BOOL_CONVERSION = YES;
				CLANG_WARN_COMMA = YES;
				CLANG_WARN_CONSTANT_CONVERSION = YES;
				CLANG_WARN_DEPRECATED_OBJC_IMPLEMENTATIONS = YES;
				CLANG_WARN_DIRECT_OBJC_ISA_USAGE = YES_ERROR;
				CLANG_WARN_DOCUMENTATION_COMMENTS = YES;
				CLANG_WARN_EMPTY_BODY = YES;
				CLANG_WARN_ENUM_CONVERSION = YES;
				CLANG_WARN_INFINITE_RECURSION = YES;
				CLANG_WARN_INT_CONVERSION = YES;
				CLANG_WARN_NON_LITERAL_NULL_CONVERSION = YES;
				CLANG_WARN_OBJC_IMPLICIT_RETAIN_SELF = YES;
				CLANG_WARN_OBJC_LITERAL_CONVERSION = YES;
				CLANG_WARN_OBJC_ROOT_CLASS = YES_ERROR;
				CLANG_WARN_QUOTED_INCLUDE_IN_FRAMEWORK_HEADER = YES;
				CLANG_WARN_RANGE_LOOP_ANALYSIS = YES;
				CLANG_WARN_STRICT_PROTOTYPES = YES;
				CLANG_WARN_SUSPICIOUS_MOVE = YES;
				CLANG_WARN_UNGUARDED_AVAILABILITY = YES_AGGRESSIVE;
				CLANG_WARN_UNREACHABLE_CODE = YES;
				CLANG_WARN__DUPLICATE_METHOD_MATCH = YES;
				COPY_PHASE_STRIP = NO;
				DEBUG_INFORMATION_FORMAT = dwarf;
				ENABLE_STRICT_OBJC_MSGSEND = YES;
				ENABLE_TESTABILITY = YES;
				GCC_C_LANGUAGE_STANDARD = gnu11;
				GCC_DYNAMIC_NO_PIC = NO;
				GCC_NO_COMMON_BLOCKS = YES;
				GCC_OPTIMIZATION_LEVEL = 0;
				GCC_PREPROCESSOR_DEFINITIONS = (
					"DEBUG=1",
					"$(inherited)",
				);
				GCC_WARN_64_TO_32_BIT_CONVERSION = YES;
				GCC_WARN_ABOUT_RETURN_TYPE = YES_ERROR;
				GCC_WARN_UNDECLARED_SELECTOR = YES;
				GCC_WARN_UNINITIALIZED_AUTOS = YES_AGGRESSIVE;
				GCC_WARN_UNUSED_FUNCTION = YES;
				GCC_WARN_UNUSED_VARIABLE = YES;
				IPHONEOS_DEPLOYMENT_TARGET = 15.0;
				MACOSX_DEPLOYMENT_TARGET = 12.0;
				MTL_ENABLE_DEBUG_INFO = INCLUDE_SOURCE;
				MTL_FAST_MATH = YES;
				ONLY_ACTIVE_ARCH = YES;
				SWIFT_ACTIVE_COMPILATION_CONDITIONS = DEBUG;
				SWIFT_OPTIMIZATION_LEVEL = "-Onone";
			};
			name = Debug;
		};
		D2DE61F22671AAF100758033 /* Release */ = {
			isa = XCBuildConfiguration;
			buildSettings = {
				ALWAYS_SEARCH_USER_PATHS = NO;
				CLANG_ANALYZER_NONNULL = YES;
				CLANG_ANALYZER_NUMBER_OBJECT_CONVERSION = YES_AGGRESSIVE;
				CLANG_CXX_LANGUAGE_STANDARD = "gnu++14";
				CLANG_CXX_LIBRARY = "libc++";
				CLANG_ENABLE_MODULES = YES;
				CLANG_ENABLE_OBJC_ARC = YES;
				CLANG_ENABLE_OBJC_WEAK = YES;
				CLANG_WARN_BLOCK_CAPTURE_AUTORELEASING = YES;
				CLANG_WARN_BOOL_CONVERSION = YES;
				CLANG_WARN_COMMA = YES;
				CLANG_WARN_CONSTANT_CONVERSION = YES;
				CLANG_WARN_DEPRECATED_OBJC_IMPLEMENTATIONS = YES;
				CLANG_WARN_DIRECT_OBJC_ISA_USAGE = YES_ERROR;
				CLANG_WARN_DOCUMENTATION_COMMENTS = YES;
				CLANG_WARN_EMPTY_BODY = YES;
				CLANG_WARN_ENUM_CONVERSION = YES;
				CLANG_WARN_INFINITE_RECURSION = YES;
				CLANG_WARN_INT_CONVERSION = YES;
				CLANG_WARN_NON_LITERAL_NULL_CONVERSION = YES;
				CLANG_WARN_OBJC_IMPLICIT_RETAIN_SELF = YES;
				CLANG_WARN_OBJC_LITERAL_CONVERSION = YES;
				CLANG_WARN_OBJC_ROOT_CLASS = YES_ERROR;
				CLANG_WARN_QUOTED_INCLUDE_IN_FRAMEWORK_HEADER = YES;
				CLANG_WARN_RANGE_LOOP_ANALYSIS = YES;
				CLANG_WARN_STRICT_PROTOTYPES = YES;
				CLANG_WARN_SUSPICIOUS_MOVE = YES;
				CLANG_WARN_UNGUARDED_AVAILABILITY = YES_AGGRESSIVE;
				CLANG_WARN_UNREACHABLE_CODE = YES;
				CLANG_WARN__DUPLICATE_METHOD_MATCH = YES;
				COPY_PHASE_STRIP = NO;
				DEBUG_INFORMATION_FORMAT = "dwarf-with-dsym";
				ENABLE_NS_ASSERTIONS = NO;
				ENABLE_STRICT_OBJC_MSGSEND = YES;
				GCC_C_LANGUAGE_STANDARD = gnu11;
				GCC_NO_COMMON_BLOCKS = YES;
				GCC_WARN_64_TO_32_BIT_CONVERSION = YES;
				GCC_WARN_ABOUT_RETURN_TYPE = YES_ERROR;
				GCC_WARN_UNDECLARED_SELECTOR = YES;
				GCC_WARN_UNINITIALIZED_AUTOS = YES_AGGRESSIVE;
				GCC_WARN_UNUSED_FUNCTION = YES;
				GCC_WARN_UNUSED_VARIABLE = YES;
				IPHONEOS_DEPLOYMENT_TARGET = 15.0;
				MACOSX_DEPLOYMENT_TARGET = 12.0;
				MTL_ENABLE_DEBUG_INFO = NO;
				MTL_FAST_MATH = YES;
				SWIFT_COMPILATION_MODE = wholemodule;
				SWIFT_OPTIMIZATION_LEVEL = "-O";
			};
			name = Release;
		};
		D2DE61F42671AAF100758033 /* Debug */ = {
			isa = XCBuildConfiguration;
			buildSettings = {
				ASSETCATALOG_COMPILER_APPICON_NAME = AppIcon;
				ASSETCATALOG_COMPILER_GLOBAL_ACCENT_COLOR_NAME = AccentColor;
				CODE_SIGN_STYLE = Automatic;
				CURRENT_PROJECT_VERSION = 1;
				DEVELOPMENT_TEAM = 79P776W2YF;
				ENABLE_PREVIEWS = YES;
				GENERATE_INFOPLIST_FILE = YES;
				INFOPLIST_KEY_UIApplicationSceneManifest_Generation = YES;
				INFOPLIST_KEY_UIApplicationSupportsIndirectInputEvents = YES;
				INFOPLIST_KEY_UILaunchScreen_Generation = YES;
				INFOPLIST_KEY_UISupportedInterfaceOrientations_iPad = "UIInterfaceOrientationPortrait UIInterfaceOrientationPortraitUpsideDown UIInterfaceOrientationLandscapeLeft UIInterfaceOrientationLandscapeRight";
				INFOPLIST_KEY_UISupportedInterfaceOrientations_iPhone = "UIInterfaceOrientationPortrait UIInterfaceOrientationLandscapeLeft UIInterfaceOrientationLandscapeRight";
				LD_RUNPATH_SEARCH_PATHS = (
					"$(inherited)",
					"@executable_path/Frameworks",
				);
				MARKETING_VERSION = 1.0;
				PRODUCT_BUNDLE_IDENTIFIER = com.netsplit.RoundHouse;
				PRODUCT_NAME = RoundHouse;
				SDKROOT = iphoneos;
				SWIFT_EMIT_LOC_STRINGS = YES;
				SWIFT_VERSION = 5.0;
				TARGETED_DEVICE_FAMILY = "1,2";
			};
			name = Debug;
		};
		D2DE61F52671AAF100758033 /* Release */ = {
			isa = XCBuildConfiguration;
			buildSettings = {
				ASSETCATALOG_COMPILER_APPICON_NAME = AppIcon;
				ASSETCATALOG_COMPILER_GLOBAL_ACCENT_COLOR_NAME = AccentColor;
				CODE_SIGN_STYLE = Automatic;
				CURRENT_PROJECT_VERSION = 1;
				DEVELOPMENT_TEAM = 79P776W2YF;
				ENABLE_PREVIEWS = YES;
				GENERATE_INFOPLIST_FILE = YES;
				INFOPLIST_KEY_UIApplicationSceneManifest_Generation = YES;
				INFOPLIST_KEY_UIApplicationSupportsIndirectInputEvents = YES;
				INFOPLIST_KEY_UILaunchScreen_Generation = YES;
				INFOPLIST_KEY_UISupportedInterfaceOrientations_iPad = "UIInterfaceOrientationPortrait UIInterfaceOrientationPortraitUpsideDown UIInterfaceOrientationLandscapeLeft UIInterfaceOrientationLandscapeRight";
				INFOPLIST_KEY_UISupportedInterfaceOrientations_iPhone = "UIInterfaceOrientationPortrait UIInterfaceOrientationLandscapeLeft UIInterfaceOrientationLandscapeRight";
				LD_RUNPATH_SEARCH_PATHS = (
					"$(inherited)",
					"@executable_path/Frameworks",
				);
				MARKETING_VERSION = 1.0;
				PRODUCT_BUNDLE_IDENTIFIER = com.netsplit.RoundHouse;
				PRODUCT_NAME = RoundHouse;
				SDKROOT = iphoneos;
				SWIFT_EMIT_LOC_STRINGS = YES;
				SWIFT_VERSION = 5.0;
				TARGETED_DEVICE_FAMILY = "1,2";
				VALIDATE_PRODUCT = YES;
			};
			name = Release;
		};
		D2DE61F72671AAF100758033 /* Debug */ = {
			isa = XCBuildConfiguration;
			buildSettings = {
				ASSETCATALOG_COMPILER_APPICON_NAME = AppIcon;
				ASSETCATALOG_COMPILER_GLOBAL_ACCENT_COLOR_NAME = AccentColor;
				CODE_SIGN_STYLE = Automatic;
				COMBINE_HIDPI_IMAGES = YES;
				CURRENT_PROJECT_VERSION = 1;
				DEVELOPMENT_TEAM = 79P776W2YF;
				ENABLE_APP_SANDBOX = YES;
				ENABLE_HARDENED_RUNTIME = YES;
				ENABLE_PREVIEWS = YES;
				ENABLE_USER_SELECTED_FILES = readonly;
				GENERATE_INFOPLIST_FILE = YES;
				INFOPLIST_KEY_NSHumanReadableCopyright = "";
				LD_RUNPATH_SEARCH_PATHS = (
					"$(inherited)",
					"@executable_path/../Frameworks",
				);
				MARKETING_VERSION = 1.0;
				PRODUCT_BUNDLE_IDENTIFIER = com.netsplit.RoundHouse;
				PRODUCT_NAME = RoundHouse;
				SDKROOT = macosx;
				SWIFT_EMIT_LOC_STRINGS = YES;
				SWIFT_VERSION = 5.0;
			};
			name = Debug;
		};
		D2DE61F82671AAF100758033 /* Release */ = {
			isa = XCBuildConfiguration;
			buildSettings = {
				ASSETCATALOG_COMPILER_APPICON_NAME = AppIcon;
				ASSETCATALOG_COMPILER_GLOBAL_ACCENT_COLOR_NAME = AccentColor;
				CODE_SIGN_STYLE = Automatic;
				COMBINE_HIDPI_IMAGES = YES;
				CURRENT_PROJECT_VERSION = 1;
				DEVELOPMENT_TEAM = 79P776W2YF;
				ENABLE_APP_SANDBOX = YES;
				ENABLE_HARDENED_RUNTIME = YES;
				ENABLE_PREVIEWS = YES;
				ENABLE_USER_SELECTED_FILES = readonly;
				GENERATE_INFOPLIST_FILE = YES;
				INFOPLIST_KEY_NSHumanReadableCopyright = "";
				LD_RUNPATH_SEARCH_PATHS = (
					"$(inherited)",
					"@executable_path/../Frameworks",
				);
				MARKETING_VERSION = 1.0;
				PRODUCT_BUNDLE_IDENTIFIER = com.netsplit.RoundHouse;
				PRODUCT_NAME = RoundHouse;
				SDKROOT = macosx;
				SWIFT_EMIT_LOC_STRINGS = YES;
				SWIFT_VERSION = 5.0;
			};
			name = Release;
		};
		D2DE61FA2671AAF100758033 /* Debug */ = {
			isa = XCBuildConfiguration;
			buildSettings = {
				ALWAYS_EMBED_SWIFT_STANDARD_LIBRARIES = YES;
				CODE_SIGN_STYLE = Automatic;
				CURRENT_PROJECT_VERSION = 1;
				DEVELOPMENT_TEAM = 79P776W2YF;
				GENERATE_INFOPLIST_FILE = YES;
				LD_RUNPATH_SEARCH_PATHS = (
					"$(inherited)",
					"@executable_path/Frameworks",
					"@loader_path/Frameworks",
				);
				MARKETING_VERSION = 1.0;
				PRODUCT_BUNDLE_IDENTIFIER = "com.netsplit.Tests-iOS";
				PRODUCT_NAME = "$(TARGET_NAME)";
				SDKROOT = iphoneos;
				SWIFT_EMIT_LOC_STRINGS = NO;
				SWIFT_VERSION = 5.0;
				TARGETED_DEVICE_FAMILY = "1,2";
				TEST_TARGET_NAME = "RoundHouse (iOS)";
			};
			name = Debug;
		};
		D2DE61FB2671AAF100758033 /* Release */ = {
			isa = XCBuildConfiguration;
			buildSettings = {
				ALWAYS_EMBED_SWIFT_STANDARD_LIBRARIES = YES;
				CODE_SIGN_STYLE = Automatic;
				CURRENT_PROJECT_VERSION = 1;
				DEVELOPMENT_TEAM = 79P776W2YF;
				GENERATE_INFOPLIST_FILE = YES;
				LD_RUNPATH_SEARCH_PATHS = (
					"$(inherited)",
					"@executable_path/Frameworks",
					"@loader_path/Frameworks",
				);
				MARKETING_VERSION = 1.0;
				PRODUCT_BUNDLE_IDENTIFIER = "com.netsplit.Tests-iOS";
				PRODUCT_NAME = "$(TARGET_NAME)";
				SDKROOT = iphoneos;
				SWIFT_EMIT_LOC_STRINGS = NO;
				SWIFT_VERSION = 5.0;
				TARGETED_DEVICE_FAMILY = "1,2";
				TEST_TARGET_NAME = "RoundHouse (iOS)";
				VALIDATE_PRODUCT = YES;
			};
			name = Release;
		};
		D2DE61FD2671AAF100758033 /* Debug */ = {
			isa = XCBuildConfiguration;
			buildSettings = {
				ALWAYS_EMBED_SWIFT_STANDARD_LIBRARIES = YES;
				CODE_SIGN_STYLE = Automatic;
				COMBINE_HIDPI_IMAGES = YES;
				CURRENT_PROJECT_VERSION = 1;
				DEVELOPMENT_TEAM = 79P776W2YF;
				GENERATE_INFOPLIST_FILE = YES;
				LD_RUNPATH_SEARCH_PATHS = (
					"$(inherited)",
					"@executable_path/../Frameworks",
					"@loader_path/../Frameworks",
				);
				MARKETING_VERSION = 1.0;
				PRODUCT_BUNDLE_IDENTIFIER = "com.netsplit.Tests-macOS";
				PRODUCT_NAME = "$(TARGET_NAME)";
				SDKROOT = macosx;
				SWIFT_EMIT_LOC_STRINGS = NO;
				SWIFT_VERSION = 5.0;
				TEST_TARGET_NAME = "RoundHouse (macOS)";
			};
			name = Debug;
		};
		D2DE61FE2671AAF100758033 /* Release */ = {
			isa = XCBuildConfiguration;
			buildSettings = {
				ALWAYS_EMBED_SWIFT_STANDARD_LIBRARIES = YES;
				CODE_SIGN_STYLE = Automatic;
				COMBINE_HIDPI_IMAGES = YES;
				CURRENT_PROJECT_VERSION = 1;
				DEVELOPMENT_TEAM = 79P776W2YF;
				GENERATE_INFOPLIST_FILE = YES;
				LD_RUNPATH_SEARCH_PATHS = (
					"$(inherited)",
					"@executable_path/../Frameworks",
					"@loader_path/../Frameworks",
				);
				MARKETING_VERSION = 1.0;
				PRODUCT_BUNDLE_IDENTIFIER = "com.netsplit.Tests-macOS";
				PRODUCT_NAME = "$(TARGET_NAME)";
				SDKROOT = macosx;
				SWIFT_EMIT_LOC_STRINGS = NO;
				SWIFT_VERSION = 5.0;
				TEST_TARGET_NAME = "RoundHouse (macOS)";
			};
			name = Release;
		};
/* End XCBuildConfiguration section */

/* Begin XCConfigurationList section */
		D2DE61C72671AAF000758033 /* Build configuration list for PBXProject "RoundHouse" */ = {
			isa = XCConfigurationList;
			buildConfigurations = (
				D2DE61F12671AAF100758033 /* Debug */,
				D2DE61F22671AAF100758033 /* Release */,
			);
			defaultConfigurationIsVisible = 0;
			defaultConfigurationName = Release;
		};
		D2DE61F32671AAF100758033 /* Build configuration list for PBXNativeTarget "RoundHouse (iOS)" */ = {
			isa = XCConfigurationList;
			buildConfigurations = (
				D2DE61F42671AAF100758033 /* Debug */,
				D2DE61F52671AAF100758033 /* Release */,
			);
			defaultConfigurationIsVisible = 0;
			defaultConfigurationName = Release;
		};
		D2DE61F62671AAF100758033 /* Build configuration list for PBXNativeTarget "RoundHouse (macOS)" */ = {
			isa = XCConfigurationList;
			buildConfigurations = (
				D2DE61F72671AAF100758033 /* Debug */,
				D2DE61F82671AAF100758033 /* Release */,
			);
			defaultConfigurationIsVisible = 0;
			defaultConfigurationName = Release;
		};
		D2DE61F92671AAF100758033 /* Build configuration list for PBXNativeTarget "Tests iOS" */ = {
			isa = XCConfigurationList;
			buildConfigurations = (
				D2DE61FA2671AAF100758033 /* Debug */,
				D2DE61FB2671AAF100758033 /* Release */,
			);
			defaultConfigurationIsVisible = 0;
			defaultConfigurationName = Release;
		};
		D2DE61FC2671AAF100758033 /* Build configuration list for PBXNativeTarget "Tests macOS" */ = {
			isa = XCConfigurationList;
			buildConfigurations = (
				D2DE61FD2671AAF100758033 /* Debug */,
				D2DE61FE2671AAF100758033 /* Release */,
			);
			defaultConfigurationIsVisible = 0;
			defaultConfigurationName = Release;
		};
/* End XCConfigurationList section */
	};
	rootObject = D2DE61C42671AAF000758033 /* Project object */;
}
