// !$*UTF8*$!
{
	archiveVersion = 1;
	classes = {
	};
	objectVersion = 48;
	objects = {

/* Begin PBXBuildFile section */
		D28A4BC81FD67523000768D8 /* AppDelegate.swift in Sources */ = {isa = PBXBuildFile; fileRef = D28A4BC71FD67523000768D8 /* AppDelegate.swift */; };
		D28A4BCA1FD67523000768D8 /* ViewController.swift in Sources */ = {isa = PBXBuildFile; fileRef = D28A4BC91FD67523000768D8 /* ViewController.swift */; };
		D28A4BCD1FD67523000768D8 /* TrainDatabase.xcdatamodeld in Sources */ = {isa = PBXBuildFile; fileRef = D28A4BCB1FD67523000768D8 /* TrainDatabase.xcdatamodeld */; };
		D28A4BCF1FD67523000768D8 /* Assets.xcassets in Resources */ = {isa = PBXBuildFile; fileRef = D28A4BCE1FD67523000768D8 /* Assets.xcassets */; };
		D28A4BD21FD67523000768D8 /* Main.storyboard in Resources */ = {isa = PBXBuildFile; fileRef = D28A4BD01FD67523000768D8 /* Main.storyboard */; };
		D28A4BDE1FD67523000768D8 /* TrainDatabaseTests.swift in Sources */ = {isa = PBXBuildFile; fileRef = D28A4BDD1FD67523000768D8 /* TrainDatabaseTests.swift */; };
		D28A4BE91FD67523000768D8 /* TrainDatabaseUITests.swift in Sources */ = {isa = PBXBuildFile; fileRef = D28A4BE81FD67523000768D8 /* TrainDatabaseUITests.swift */; };
/* End PBXBuildFile section */

/* Begin PBXContainerItemProxy section */
		D28A4BDA1FD67523000768D8 /* PBXContainerItemProxy */ = {
			isa = PBXContainerItemProxy;
			containerPortal = D28A4BBC1FD67523000768D8 /* Project object */;
			proxyType = 1;
			remoteGlobalIDString = D28A4BC31FD67523000768D8;
			remoteInfo = TrainDatabase;
		};
		D28A4BE51FD67523000768D8 /* PBXContainerItemProxy */ = {
			isa = PBXContainerItemProxy;
			containerPortal = D28A4BBC1FD67523000768D8 /* Project object */;
			proxyType = 1;
			remoteGlobalIDString = D28A4BC31FD67523000768D8;
			remoteInfo = TrainDatabase;
		};
/* End PBXContainerItemProxy section */

/* Begin PBXFileReference section */
		D28A4BC41FD67523000768D8 /* TrainDatabase.app */ = {isa = PBXFileReference; explicitFileType = wrapper.application; includeInIndex = 0; path = TrainDatabase.app; sourceTree = BUILT_PRODUCTS_DIR; };
		D28A4BC71FD67523000768D8 /* AppDelegate.swift */ = {isa = PBXFileReference; lastKnownFileType = sourcecode.swift; path = AppDelegate.swift; sourceTree = "<group>"; };
		D28A4BC91FD67523000768D8 /* ViewController.swift */ = {isa = PBXFileReference; lastKnownFileType = sourcecode.swift; path = ViewController.swift; sourceTree = "<group>"; };
		D28A4BCC1FD67523000768D8 /* TrainDatabase.xcdatamodel */ = {isa = PBXFileReference; lastKnownFileType = wrapper.xcdatamodel; path = TrainDatabase.xcdatamodel; sourceTree = "<group>"; };
		D28A4BCE1FD67523000768D8 /* Assets.xcassets */ = {isa = PBXFileReference; lastKnownFileType = folder.assetcatalog; path = Assets.xcassets; sourceTree = "<group>"; };
		D28A4BD11FD67523000768D8 /* Base */ = {isa = PBXFileReference; lastKnownFileType = file.storyboard; name = Base; path = Base.lproj/Main.storyboard; sourceTree = "<group>"; };
		D28A4BD31FD67523000768D8 /* Info.plist */ = {isa = PBXFileReference; lastKnownFileType = text.plist.xml; path = Info.plist; sourceTree = "<group>"; };
		D28A4BD41FD67523000768D8 /* TrainDatabase.entitlements */ = {isa = PBXFileReference; lastKnownFileType = text.plist.entitlements; path = TrainDatabase.entitlements; sourceTree = "<group>"; };
		D28A4BD91FD67523000768D8 /* TrainDatabaseTests.xctest */ = {isa = PBXFileReference; explicitFileType = wrapper.cfbundle; includeInIndex = 0; path = TrainDatabaseTests.xctest; sourceTree = BUILT_PRODUCTS_DIR; };
		D28A4BDD1FD67523000768D8 /* TrainDatabaseTests.swift */ = {isa = PBXFileReference; lastKnownFileType = sourcecode.swift; path = TrainDatabaseTests.swift; sourceTree = "<group>"; };
		D28A4BDF1FD67523000768D8 /* Info.plist */ = {isa = PBXFileReference; lastKnownFileType = text.plist.xml; path = Info.plist; sourceTree = "<group>"; };
		D28A4BE41FD67523000768D8 /* TrainDatabaseUITests.xctest */ = {isa = PBXFileReference; explicitFileType = wrapper.cfbundle; includeInIndex = 0; path = TrainDatabaseUITests.xctest; sourceTree = BUILT_PRODUCTS_DIR; };
		D28A4BE81FD67523000768D8 /* TrainDatabaseUITests.swift */ = {isa = PBXFileReference; lastKnownFileType = sourcecode.swift; path = TrainDatabaseUITests.swift; sourceTree = "<group>"; };
		D28A4BEA1FD67523000768D8 /* Info.plist */ = {isa = PBXFileReference; lastKnownFileType = text.plist.xml; path = Info.plist; sourceTree = "<group>"; };
/* End PBXFileReference section */

/* Begin PBXFrameworksBuildPhase section */
		D28A4BC11FD67523000768D8 /* Frameworks */ = {
			isa = PBXFrameworksBuildPhase;
			buildActionMask = 2147483647;
			files = (
			);
			runOnlyForDeploymentPostprocessing = 0;
		};
		D28A4BD61FD67523000768D8 /* Frameworks */ = {
			isa = PBXFrameworksBuildPhase;
			buildActionMask = 2147483647;
			files = (
			);
			runOnlyForDeploymentPostprocessing = 0;
		};
		D28A4BE11FD67523000768D8 /* Frameworks */ = {
			isa = PBXFrameworksBuildPhase;
			buildActionMask = 2147483647;
			files = (
			);
			runOnlyForDeploymentPostprocessing = 0;
		};
/* End PBXFrameworksBuildPhase section */

/* Begin PBXGroup section */
		D28A4BBB1FD67523000768D8 = {
			isa = PBXGroup;
			children = (
				D28A4BC61FD67523000768D8 /* TrainDatabase */,
				D28A4BDC1FD67523000768D8 /* TrainDatabaseTests */,
				D28A4BE71FD67523000768D8 /* TrainDatabaseUITests */,
				D28A4BC51FD67523000768D8 /* Products */,
			);
			sourceTree = "<group>";
		};
		D28A4BC51FD67523000768D8 /* Products */ = {
			isa = PBXGroup;
			children = (
				D28A4BC41FD67523000768D8 /* TrainDatabase.app */,
				D28A4BD91FD67523000768D8 /* TrainDatabaseTests.xctest */,
				D28A4BE41FD67523000768D8 /* TrainDatabaseUITests.xctest */,
			);
			name = Products;
			sourceTree = "<group>";
		};
		D28A4BC61FD67523000768D8 /* TrainDatabase */ = {
			isa = PBXGroup;
			children = (
				D28A4BC71FD67523000768D8 /* AppDelegate.swift */,
				D28A4BC91FD67523000768D8 /* ViewController.swift */,
				D28A4BCE1FD67523000768D8 /* Assets.xcassets */,
				D28A4BD01FD67523000768D8 /* Main.storyboard */,
				D28A4BD31FD67523000768D8 /* Info.plist */,
				D28A4BD41FD67523000768D8 /* TrainDatabase.entitlements */,
				D28A4BCB1FD67523000768D8 /* TrainDatabase.xcdatamodeld */,
			);
			path = TrainDatabase;
			sourceTree = "<group>";
		};
		D28A4BDC1FD67523000768D8 /* TrainDatabaseTests */ = {
			isa = PBXGroup;
			children = (
				D28A4BDD1FD67523000768D8 /* TrainDatabaseTests.swift */,
				D28A4BDF1FD67523000768D8 /* Info.plist */,
			);
			path = TrainDatabaseTests;
			sourceTree = "<group>";
		};
		D28A4BE71FD67523000768D8 /* TrainDatabaseUITests */ = {
			isa = PBXGroup;
			children = (
				D28A4BE81FD67523000768D8 /* TrainDatabaseUITests.swift */,
				D28A4BEA1FD67523000768D8 /* Info.plist */,
			);
			path = TrainDatabaseUITests;
			sourceTree = "<group>";
		};
/* End PBXGroup section */

/* Begin PBXNativeTarget section */
		D28A4BC31FD67523000768D8 /* TrainDatabase */ = {
			isa = PBXNativeTarget;
			buildConfigurationList = D28A4BED1FD67523000768D8 /* Build configuration list for PBXNativeTarget "TrainDatabase" */;
			buildPhases = (
				D28A4BC01FD67523000768D8 /* Sources */,
				D28A4BC11FD67523000768D8 /* Frameworks */,
				D28A4BC21FD67523000768D8 /* Resources */,
			);
			buildRules = (
			);
			dependencies = (
			);
			name = TrainDatabase;
			productName = TrainDatabase;
			productReference = D28A4BC41FD67523000768D8 /* TrainDatabase.app */;
			productType = "com.apple.product-type.application";
		};
		D28A4BD81FD67523000768D8 /* TrainDatabaseTests */ = {
			isa = PBXNativeTarget;
			buildConfigurationList = D28A4BF01FD67523000768D8 /* Build configuration list for PBXNativeTarget "TrainDatabaseTests" */;
			buildPhases = (
				D28A4BD51FD67523000768D8 /* Sources */,
				D28A4BD61FD67523000768D8 /* Frameworks */,
				D28A4BD71FD67523000768D8 /* Resources */,
			);
			buildRules = (
			);
			dependencies = (
				D28A4BDB1FD67523000768D8 /* PBXTargetDependency */,
			);
			name = TrainDatabaseTests;
			productName = TrainDatabaseTests;
			productReference = D28A4BD91FD67523000768D8 /* TrainDatabaseTests.xctest */;
			productType = "com.apple.product-type.bundle.unit-test";
		};
		D28A4BE31FD67523000768D8 /* TrainDatabaseUITests */ = {
			isa = PBXNativeTarget;
			buildConfigurationList = D28A4BF31FD67523000768D8 /* Build configuration list for PBXNativeTarget "TrainDatabaseUITests" */;
			buildPhases = (
				D28A4BE01FD67523000768D8 /* Sources */,
				D28A4BE11FD67523000768D8 /* Frameworks */,
				D28A4BE21FD67523000768D8 /* Resources */,
			);
			buildRules = (
			);
			dependencies = (
				D28A4BE61FD67523000768D8 /* PBXTargetDependency */,
			);
			name = TrainDatabaseUITests;
			productName = TrainDatabaseUITests;
			productReference = D28A4BE41FD67523000768D8 /* TrainDatabaseUITests.xctest */;
			productType = "com.apple.product-type.bundle.ui-testing";
		};
/* End PBXNativeTarget section */

/* Begin PBXProject section */
		D28A4BBC1FD67523000768D8 /* Project object */ = {
			isa = PBXProject;
			attributes = {
				LastSwiftUpdateCheck = 0920;
				LastUpgradeCheck = 0920;
				ORGANIZATIONNAME = "Scott James Remnant";
				TargetAttributes = {
					D28A4BC31FD67523000768D8 = {
						CreatedOnToolsVersion = 9.2;
						ProvisioningStyle = Automatic;
					};
					D28A4BD81FD67523000768D8 = {
						CreatedOnToolsVersion = 9.2;
						ProvisioningStyle = Automatic;
						TestTargetID = D28A4BC31FD67523000768D8;
					};
					D28A4BE31FD67523000768D8 = {
						CreatedOnToolsVersion = 9.2;
						ProvisioningStyle = Automatic;
						TestTargetID = D28A4BC31FD67523000768D8;
					};
				};
			};
			buildConfigurationList = D28A4BBF1FD67523000768D8 /* Build configuration list for PBXProject "TrainDatabase" */;
			compatibilityVersion = "Xcode 8.0";
			developmentRegion = en;
			hasScannedForEncodings = 0;
			knownRegions = (
				en,
				Base,
			);
			mainGroup = D28A4BBB1FD67523000768D8;
			productRefGroup = D28A4BC51FD67523000768D8 /* Products */;
			projectDirPath = "";
			projectRoot = "";
			targets = (
				D28A4BC31FD67523000768D8 /* TrainDatabase */,
				D28A4BD81FD67523000768D8 /* TrainDatabaseTests */,
				D28A4BE31FD67523000768D8 /* TrainDatabaseUITests */,
			);
		};
/* End PBXProject section */

/* Begin PBXResourcesBuildPhase section */
		D28A4BC21FD67523000768D8 /* Resources */ = {
			isa = PBXResourcesBuildPhase;
			buildActionMask = 2147483647;
			files = (
				D28A4BCF1FD67523000768D8 /* Assets.xcassets in Resources */,
				D28A4BD21FD67523000768D8 /* Main.storyboard in Resources */,
			);
			runOnlyForDeploymentPostprocessing = 0;
		};
		D28A4BD71FD67523000768D8 /* Resources */ = {
			isa = PBXResourcesBuildPhase;
			buildActionMask = 2147483647;
			files = (
			);
			runOnlyForDeploymentPostprocessing = 0;
		};
		D28A4BE21FD67523000768D8 /* Resources */ = {
			isa = PBXResourcesBuildPhase;
			buildActionMask = 2147483647;
			files = (
			);
			runOnlyForDeploymentPostprocessing = 0;
		};
/* End PBXResourcesBuildPhase section */

/* Begin PBXSourcesBuildPhase section */
		D28A4BC01FD67523000768D8 /* Sources */ = {
			isa = PBXSourcesBuildPhase;
			buildActionMask = 2147483647;
			files = (
				D28A4BCA1FD67523000768D8 /* ViewController.swift in Sources */,
				D28A4BC81FD67523000768D8 /* AppDelegate.swift in Sources */,
				D28A4BCD1FD67523000768D8 /* TrainDatabase.xcdatamodeld in Sources */,
			);
			runOnlyForDeploymentPostprocessing = 0;
		};
		D28A4BD51FD67523000768D8 /* Sources */ = {
			isa = PBXSourcesBuildPhase;
			buildActionMask = 2147483647;
			files = (
				D28A4BDE1FD67523000768D8 /* TrainDatabaseTests.swift in Sources */,
			);
			runOnlyForDeploymentPostprocessing = 0;
		};
		D28A4BE01FD67523000768D8 /* Sources */ = {
			isa = PBXSourcesBuildPhase;
			buildActionMask = 2147483647;
			files = (
				D28A4BE91FD67523000768D8 /* TrainDatabaseUITests.swift in Sources */,
			);
			runOnlyForDeploymentPostprocessing = 0;
		};
/* End PBXSourcesBuildPhase section */

/* Begin PBXTargetDependency section */
		D28A4BDB1FD67523000768D8 /* PBXTargetDependency */ = {
			isa = PBXTargetDependency;
			target = D28A4BC31FD67523000768D8 /* TrainDatabase */;
			targetProxy = D28A4BDA1FD67523000768D8 /* PBXContainerItemProxy */;
		};
		D28A4BE61FD67523000768D8 /* PBXTargetDependency */ = {
			isa = PBXTargetDependency;
			target = D28A4BC31FD67523000768D8 /* TrainDatabase */;
			targetProxy = D28A4BE51FD67523000768D8 /* PBXContainerItemProxy */;
		};
/* End PBXTargetDependency section */

/* Begin PBXVariantGroup section */
		D28A4BD01FD67523000768D8 /* Main.storyboard */ = {
			isa = PBXVariantGroup;
			children = (
				D28A4BD11FD67523000768D8 /* Base */,
			);
			name = Main.storyboard;
			sourceTree = "<group>";
		};
/* End PBXVariantGroup section */

/* Begin XCBuildConfiguration section */
		D28A4BEB1FD67523000768D8 /* Debug */ = {
			isa = XCBuildConfiguration;
			buildSettings = {
				ALWAYS_SEARCH_USER_PATHS = NO;
				CLANG_ANALYZER_NONNULL = YES;
				CLANG_ANALYZER_NUMBER_OBJECT_CONVERSION = YES_AGGRESSIVE;
				CLANG_CXX_LANGUAGE_STANDARD = "gnu++14";
				CLANG_CXX_LIBRARY = "libc++";
				CLANG_ENABLE_MODULES = YES;
				CLANG_ENABLE_OBJC_ARC = YES;
				CLANG_WARN_BLOCK_CAPTURE_AUTORELEASING = YES;
				CLANG_WARN_BOOL_CONVERSION = YES;
				CLANG_WARN_COMMA = YES;
				CLANG_WARN_CONSTANT_CONVERSION = YES;
				CLANG_WARN_DIRECT_OBJC_ISA_USAGE = YES_ERROR;
				CLANG_WARN_DOCUMENTATION_COMMENTS = YES;
				CLANG_WARN_EMPTY_BODY = YES;
				CLANG_WARN_ENUM_CONVERSION = YES;
				CLANG_WARN_INFINITE_RECURSION = YES;
				CLANG_WARN_INT_CONVERSION = YES;
				CLANG_WARN_NON_LITERAL_NULL_CONVERSION = YES;
				CLANG_WARN_OBJC_LITERAL_CONVERSION = YES;
				CLANG_WARN_OBJC_ROOT_CLASS = YES_ERROR;
				CLANG_WARN_RANGE_LOOP_ANALYSIS = YES;
				CLANG_WARN_STRICT_PROTOTYPES = YES;
				CLANG_WARN_SUSPICIOUS_MOVE = YES;
				CLANG_WARN_UNGUARDED_AVAILABILITY = YES_AGGRESSIVE;
				CLANG_WARN_UNREACHABLE_CODE = YES;
				CLANG_WARN__DUPLICATE_METHOD_MATCH = YES;
				CODE_SIGN_IDENTITY = "-";
				COPY_PHASE_STRIP = NO;
				DEBUG_INFORMATION_FORMAT = dwarf;
				ENABLE_STRICT_OBJC_MSGSEND = YES;
				ENABLE_TESTABILITY = YES;
				GCC_C_LANGUAGE_STANDARD = gnu11;
				GCC_DYNAMIC_NO_PIC = NO;
				GCC_NO_COMMON_BLOCKS = YES;
				GCC_OPTIMIZATION_LEVEL = 0;
				GCC_PREPROCESSOR_DEFINITIONS = (
					"DEBUG=1",
					"$(inherited)",
				);
				GCC_WARN_64_TO_32_BIT_CONVERSION = YES;
				GCC_WARN_ABOUT_RETURN_TYPE = YES_ERROR;
				GCC_WARN_UNDECLARED_SELECTOR = YES;
				GCC_WARN_UNINITIALIZED_AUTOS = YES_AGGRESSIVE;
				GCC_WARN_UNUSED_FUNCTION = YES;
				GCC_WARN_UNUSED_VARIABLE = YES;
				MACOSX_DEPLOYMENT_TARGET = 10.13;
				MTL_ENABLE_DEBUG_INFO = YES;
				ONLY_ACTIVE_ARCH = YES;
				SDKROOT = macosx;
				SWIFT_ACTIVE_COMPILATION_CONDITIONS = DEBUG;
				SWIFT_OPTIMIZATION_LEVEL = "-Onone";
			};
			name = Debug;
		};
		D28A4BEC1FD67523000768D8 /* Release */ = {
			isa = XCBuildConfiguration;
			buildSettings = {
				ALWAYS_SEARCH_USER_PATHS = NO;
				CLANG_ANALYZER_NONNULL = YES;
				CLANG_ANALYZER_NUMBER_OBJECT_CONVERSION = YES_AGGRESSIVE;
				CLANG_CXX_LANGUAGE_STANDARD = "gnu++14";
				CLANG_CXX_LIBRARY = "libc++";
				CLANG_ENABLE_MODULES = YES;
				CLANG_ENABLE_OBJC_ARC = YES;
				CLANG_WARN_BLOCK_CAPTURE_AUTORELEASING = YES;
				CLANG_WARN_BOOL_CONVERSION = YES;
				CLANG_WARN_COMMA = YES;
				CLANG_WARN_CONSTANT_CONVERSION = YES;
				CLANG_WARN_DIRECT_OBJC_ISA_USAGE = YES_ERROR;
				CLANG_WARN_DOCUMENTATION_COMMENTS = YES;
				CLANG_WARN_EMPTY_BODY = YES;
				CLANG_WARN_ENUM_CONVERSION = YES;
				CLANG_WARN_INFINITE_RECURSION = YES;
				CLANG_WARN_INT_CONVERSION = YES;
				CLANG_WARN_NON_LITERAL_NULL_CONVERSION = YES;
				CLANG_WARN_OBJC_LITERAL_CONVERSION = YES;
				CLANG_WARN_OBJC_ROOT_CLASS = YES_ERROR;
				CLANG_WARN_RANGE_LOOP_ANALYSIS = YES;
				CLANG_WARN_STRICT_PROTOTYPES = YES;
				CLANG_WARN_SUSPICIOUS_MOVE = YES;
				CLANG_WARN_UNGUARDED_AVAILABILITY = YES_AGGRESSIVE;
				CLANG_WARN_UNREACHABLE_CODE = YES;
				CLANG_WARN__DUPLICATE_METHOD_MATCH = YES;
				CODE_SIGN_IDENTITY = "-";
				COPY_PHASE_STRIP = NO;
				DEBUG_INFORMATION_FORMAT = "dwarf-with-dsym";
				ENABLE_NS_ASSERTIONS = NO;
				ENABLE_STRICT_OBJC_MSGSEND = YES;
				GCC_C_LANGUAGE_STANDARD = gnu11;
				GCC_NO_COMMON_BLOCKS = YES;
				GCC_WARN_64_TO_32_BIT_CONVERSION = YES;
				GCC_WARN_ABOUT_RETURN_TYPE = YES_ERROR;
				GCC_WARN_UNDECLARED_SELECTOR = YES;
				GCC_WARN_UNINITIALIZED_AUTOS = YES_AGGRESSIVE;
				GCC_WARN_UNUSED_FUNCTION = YES;
				GCC_WARN_UNUSED_VARIABLE = YES;
				MACOSX_DEPLOYMENT_TARGET = 10.13;
				MTL_ENABLE_DEBUG_INFO = NO;
				SDKROOT = macosx;
				SWIFT_OPTIMIZATION_LEVEL = "-Owholemodule";
			};
			name = Release;
		};
		D28A4BEE1FD67523000768D8 /* Debug */ = {
			isa = XCBuildConfiguration;
			buildSettings = {
				ASSETCATALOG_COMPILER_APPICON_NAME = AppIcon;
				CODE_SIGN_ENTITLEMENTS = TrainDatabase/TrainDatabase.entitlements;
				CODE_SIGN_STYLE = Automatic;
				COMBINE_HIDPI_IMAGES = YES;
				INFOPLIST_FILE = TrainDatabase/Info.plist;
				LD_RUNPATH_SEARCH_PATHS = "$(inherited) @executable_path/../Frameworks";
				PRODUCT_BUNDLE_IDENTIFIER = com.netsplit.TrainDatabase;
				PRODUCT_NAME = "$(TARGET_NAME)";
				SWIFT_VERSION = 4.0;
			};
			name = Debug;
		};
		D28A4BEF1FD67523000768D8 /* Release */ = {
			isa = XCBuildConfiguration;
			buildSettings = {
				ASSETCATALOG_COMPILER_APPICON_NAME = AppIcon;
				CODE_SIGN_ENTITLEMENTS = TrainDatabase/TrainDatabase.entitlements;
				CODE_SIGN_STYLE = Automatic;
				COMBINE_HIDPI_IMAGES = YES;
				INFOPLIST_FILE = TrainDatabase/Info.plist;
				LD_RUNPATH_SEARCH_PATHS = "$(inherited) @executable_path/../Frameworks";
				PRODUCT_BUNDLE_IDENTIFIER = com.netsplit.TrainDatabase;
				PRODUCT_NAME = "$(TARGET_NAME)";
				SWIFT_VERSION = 4.0;
			};
			name = Release;
		};
		D28A4BF11FD67523000768D8 /* Debug */ = {
			isa = XCBuildConfiguration;
			buildSettings = {
				ALWAYS_EMBED_SWIFT_STANDARD_LIBRARIES = YES;
				BUNDLE_LOADER = "$(TEST_HOST)";
				CODE_SIGN_STYLE = Automatic;
				COMBINE_HIDPI_IMAGES = YES;
				INFOPLIST_FILE = TrainDatabaseTests/Info.plist;
				LD_RUNPATH_SEARCH_PATHS = "$(inherited) @executable_path/../Frameworks @loader_path/../Frameworks";
				PRODUCT_BUNDLE_IDENTIFIER = com.netsplit.TrainDatabaseTests;
				PRODUCT_NAME = "$(TARGET_NAME)";
				SWIFT_VERSION = 4.0;
				TEST_HOST = "$(BUILT_PRODUCTS_DIR)/TrainDatabase.app/Contents/MacOS/TrainDatabase";
			};
			name = Debug;
		};
		D28A4BF21FD67523000768D8 /* Release */ = {
			isa = XCBuildConfiguration;
			buildSettings = {
				ALWAYS_EMBED_SWIFT_STANDARD_LIBRARIES = YES;
				BUNDLE_LOADER = "$(TEST_HOST)";
				CODE_SIGN_STYLE = Automatic;
				COMBINE_HIDPI_IMAGES = YES;
				INFOPLIST_FILE = TrainDatabaseTests/Info.plist;
				LD_RUNPATH_SEARCH_PATHS = "$(inherited) @executable_path/../Frameworks @loader_path/../Frameworks";
				PRODUCT_BUNDLE_IDENTIFIER = com.netsplit.TrainDatabaseTests;
				PRODUCT_NAME = "$(TARGET_NAME)";
				SWIFT_VERSION = 4.0;
				TEST_HOST = "$(BUILT_PRODUCTS_DIR)/TrainDatabase.app/Contents/MacOS/TrainDatabase";
			};
			name = Release;
		};
		D28A4BF41FD67523000768D8 /* Debug */ = {
			isa = XCBuildConfiguration;
			buildSettings = {
				ALWAYS_EMBED_SWIFT_STANDARD_LIBRARIES = YES;
				CODE_SIGN_STYLE = Automatic;
				COMBINE_HIDPI_IMAGES = YES;
				INFOPLIST_FILE = TrainDatabaseUITests/Info.plist;
				LD_RUNPATH_SEARCH_PATHS = "$(inherited) @executable_path/../Frameworks @loader_path/../Frameworks";
				PRODUCT_BUNDLE_IDENTIFIER = com.netsplit.TrainDatabaseUITests;
				PRODUCT_NAME = "$(TARGET_NAME)";
				SWIFT_VERSION = 4.0;
				TEST_TARGET_NAME = TrainDatabase;
			};
			name = Debug;
		};
		D28A4BF51FD67523000768D8 /* Release */ = {
			isa = XCBuildConfiguration;
			buildSettings = {
				ALWAYS_EMBED_SWIFT_STANDARD_LIBRARIES = YES;
				CODE_SIGN_STYLE = Automatic;
				COMBINE_HIDPI_IMAGES = YES;
				INFOPLIST_FILE = TrainDatabaseUITests/Info.plist;
				LD_RUNPATH_SEARCH_PATHS = "$(inherited) @executable_path/../Frameworks @loader_path/../Frameworks";
				PRODUCT_BUNDLE_IDENTIFIER = com.netsplit.TrainDatabaseUITests;
				PRODUCT_NAME = "$(TARGET_NAME)";
				SWIFT_VERSION = 4.0;
				TEST_TARGET_NAME = TrainDatabase;
			};
			name = Release;
		};
/* End XCBuildConfiguration section */

/* Begin XCConfigurationList section */
		D28A4BBF1FD67523000768D8 /* Build configuration list for PBXProject "TrainDatabase" */ = {
			isa = XCConfigurationList;
			buildConfigurations = (
				D28A4BEB1FD67523000768D8 /* Debug */,
				D28A4BEC1FD67523000768D8 /* Release */,
			);
			defaultConfigurationIsVisible = 0;
			defaultConfigurationName = Release;
		};
		D28A4BED1FD67523000768D8 /* Build configuration list for PBXNativeTarget "TrainDatabase" */ = {
			isa = XCConfigurationList;
			buildConfigurations = (
				D28A4BEE1FD67523000768D8 /* Debug */,
				D28A4BEF1FD67523000768D8 /* Release */,
			);
			defaultConfigurationIsVisible = 0;
			defaultConfigurationName = Release;
		};
		D28A4BF01FD67523000768D8 /* Build configuration list for PBXNativeTarget "TrainDatabaseTests" */ = {
			isa = XCConfigurationList;
			buildConfigurations = (
				D28A4BF11FD67523000768D8 /* Debug */,
				D28A4BF21FD67523000768D8 /* Release */,
			);
			defaultConfigurationIsVisible = 0;
			defaultConfigurationName = Release;
		};
		D28A4BF31FD67523000768D8 /* Build configuration list for PBXNativeTarget "TrainDatabaseUITests" */ = {
			isa = XCConfigurationList;
			buildConfigurations = (
				D28A4BF41FD67523000768D8 /* Debug */,
				D28A4BF51FD67523000768D8 /* Release */,
			);
			defaultConfigurationIsVisible = 0;
			defaultConfigurationName = Release;
		};
/* End XCConfigurationList section */

/* Begin XCVersionGroup section */
		D28A4BCB1FD67523000768D8 /* TrainDatabase.xcdatamodeld */ = {
			isa = XCVersionGroup;
			children = (
				D28A4BCC1FD67523000768D8 /* TrainDatabase.xcdatamodel */,
			);
			currentVersion = D28A4BCC1FD67523000768D8 /* TrainDatabase.xcdatamodel */;
			path = TrainDatabase.xcdatamodeld;
			sourceTree = "<group>";
			versionGroupType = wrapper.xcdatamodel;
		};
/* End XCVersionGroup section */
	};
	rootObject = D28A4BBC1FD67523000768D8 /* Project object */;
}
