// !$*UTF8*$!
{
	archiveVersion = 1;
	classes = {
	};
	objectVersion = 50;
	objects = {

/* Begin PBXBuildFile section */
		D2109A3824A169B800DE0131 /* RoundHouseApp.swift in Sources */ = {isa = PBXBuildFile; fileRef = D2109A3724A169B800DE0131 /* RoundHouseApp.swift */; };
		D2109A3A24A169B800DE0131 /* ContentView.swift in Sources */ = {isa = PBXBuildFile; fileRef = D2109A3924A169B800DE0131 /* ContentView.swift */; };
		D2109A3C24A169B900DE0131 /* Assets.xcassets in Resources */ = {isa = PBXBuildFile; fileRef = D2109A3B24A169B900DE0131 /* Assets.xcassets */; };
		D2109A3F24A169B900DE0131 /* Preview Assets.xcassets in Resources */ = {isa = PBXBuildFile; fileRef = D2109A3E24A169B900DE0131 /* Preview Assets.xcassets */; };
		D2109A4A24A169B900DE0131 /* RoundHouseTests.swift in Sources */ = {isa = PBXBuildFile; fileRef = D2109A4924A169B900DE0131 /* RoundHouseTests.swift */; };
		D256CD3624A402D4004A32B8 /* AppTabNavigation.swift in Sources */ = {isa = PBXBuildFile; fileRef = D256CD3524A402D4004A32B8 /* AppTabNavigation.swift */; };
		D256CD3724A402D4004A32B8 /* AppTabNavigation.swift in Sources */ = {isa = PBXBuildFile; fileRef = D256CD3524A402D4004A32B8 /* AppTabNavigation.swift */; };
		D25E95E424A3D359005721A0 /* RoundHouseTests.swift in Sources */ = {isa = PBXBuildFile; fileRef = D2109A4924A169B900DE0131 /* RoundHouseTests.swift */; };
		D25E95E624A3D797005721A0 /* NSImage+Data.swift in Sources */ = {isa = PBXBuildFile; fileRef = D25E95E524A3D797005721A0 /* NSImage+Data.swift */; };
		D25E95E824A3DD7F005721A0 /* PurchasesView.swift in Sources */ = {isa = PBXBuildFile; fileRef = D25E95E724A3DD7F005721A0 /* PurchasesView.swift */; };
		D25E95E924A3DD7F005721A0 /* PurchasesView.swift in Sources */ = {isa = PBXBuildFile; fileRef = D25E95E724A3DD7F005721A0 /* PurchasesView.swift */; };
		D25E95EB24A3DF24005721A0 /* AppSidebarNavigation.swift in Sources */ = {isa = PBXBuildFile; fileRef = D25E95EA24A3DF24005721A0 /* AppSidebarNavigation.swift */; };
		D25E95EC24A3DF24005721A0 /* AppSidebarNavigation.swift in Sources */ = {isa = PBXBuildFile; fileRef = D25E95EA24A3DF24005721A0 /* AppSidebarNavigation.swift */; };
		D26D3C8B24A4734600C9C0B6 /* TrainHeader.swift in Sources */ = {isa = PBXBuildFile; fileRef = D26D3C8A24A4734600C9C0B6 /* TrainHeader.swift */; };
		D26D3C8C24A4734600C9C0B6 /* TrainHeader.swift in Sources */ = {isa = PBXBuildFile; fileRef = D26D3C8A24A4734600C9C0B6 /* TrainHeader.swift */; };
		D26D3C8E24A4773A00C9C0B6 /* TrainList.swift in Sources */ = {isa = PBXBuildFile; fileRef = D26D3C8D24A4773A00C9C0B6 /* TrainList.swift */; };
		D26D3C8F24A4773A00C9C0B6 /* TrainList.swift in Sources */ = {isa = PBXBuildFile; fileRef = D26D3C8D24A4773A00C9C0B6 /* TrainList.swift */; };
		D26D3C9224A477A500C9C0B6 /* Train+SwiftUI.swift in Sources */ = {isa = PBXBuildFile; fileRef = D26D3C9124A477A500C9C0B6 /* Train+SwiftUI.swift */; };
		D26D3C9324A477A500C9C0B6 /* Train+SwiftUI.swift in Sources */ = {isa = PBXBuildFile; fileRef = D26D3C9124A477A500C9C0B6 /* Train+SwiftUI.swift */; };
		D26D3C9524A4791900C9C0B6 /* TrainMemberList.swift in Sources */ = {isa = PBXBuildFile; fileRef = D26D3C9424A4791900C9C0B6 /* TrainMemberList.swift */; };
		D26D3C9624A4791900C9C0B6 /* TrainMemberList.swift in Sources */ = {isa = PBXBuildFile; fileRef = D26D3C9424A4791900C9C0B6 /* TrainMemberList.swift */; };
		D26D3C9824A4797000C9C0B6 /* TrainMember+SwiftUI.swift in Sources */ = {isa = PBXBuildFile; fileRef = D26D3C9724A4797000C9C0B6 /* TrainMember+SwiftUI.swift */; };
		D26D3C9924A4797000C9C0B6 /* TrainMember+SwiftUI.swift in Sources */ = {isa = PBXBuildFile; fileRef = D26D3C9724A4797000C9C0B6 /* TrainMember+SwiftUI.swift */; };
		D26D3C9E24A47B3800C9C0B6 /* Model+Image.swift in Sources */ = {isa = PBXBuildFile; fileRef = D26D3C9D24A47B3800C9C0B6 /* Model+Image.swift */; };
		D26D3C9F24A47B3800C9C0B6 /* Model+Image.swift in Sources */ = {isa = PBXBuildFile; fileRef = D26D3C9D24A47B3800C9C0B6 /* Model+Image.swift */; };
		D2C18F3524A2854D00B3A8F7 /* PreviewContent.swift in Sources */ = {isa = PBXBuildFile; fileRef = D2C18F3424A2854D00B3A8F7 /* PreviewContent.swift */; };
		D2C18F5424A2F18100B3A8F7 /* Assets.xcassets in Resources */ = {isa = PBXBuildFile; fileRef = D2109A3B24A169B900DE0131 /* Assets.xcassets */; };
		D2C18F5524A2F18600B3A8F7 /* PreviewContent.swift in Sources */ = {isa = PBXBuildFile; fileRef = D2C18F3424A2854D00B3A8F7 /* PreviewContent.swift */; };
		D2C18F5624A2F18900B3A8F7 /* Preview Assets.xcassets in Resources */ = {isa = PBXBuildFile; fileRef = D2109A3E24A169B900DE0131 /* Preview Assets.xcassets */; };
		D2C18F5724A2F18C00B3A8F7 /* AppSidebar.swift in Sources */ = {isa = PBXBuildFile; fileRef = D2F7BFA124A180CA0017B7F2 /* AppSidebar.swift */; };
		D2C18F5824A2F18C00B3A8F7 /* TrainsView.swift in Sources */ = {isa = PBXBuildFile; fileRef = D2F7BFA324A181410017B7F2 /* TrainsView.swift */; };
		D2C18F5924A2F18C00B3A8F7 /* ContentView.swift in Sources */ = {isa = PBXBuildFile; fileRef = D2109A3924A169B800DE0131 /* ContentView.swift */; };
		D2C18F5A24A2F18C00B3A8F7 /* RoundHouseApp.swift in Sources */ = {isa = PBXBuildFile; fileRef = D2109A3724A169B800DE0131 /* RoundHouseApp.swift */; };
		D2C18F5E24A2F1B400B3A8F7 /* CloudKit.framework in Frameworks */ = {isa = PBXBuildFile; fileRef = D2C18F5D24A2F1B400B3A8F7 /* CloudKit.framework */; };
		D2C18F6024A2F1D500B3A8F7 /* Database.framework in Frameworks */ = {isa = PBXBuildFile; fileRef = D2C18F5F24A2F1D500B3A8F7 /* Database.framework */; };
		D2C18F6124A2F1D500B3A8F7 /* Database.framework in Embed Frameworks */ = {isa = PBXBuildFile; fileRef = D2C18F5F24A2F1D500B3A8F7 /* Database.framework */; settings = {ATTRIBUTES = (CodeSignOnCopy, RemoveHeadersOnCopy, ); }; };
		D2F7BF9C24A16CE50017B7F2 /* Database.framework in Frameworks */ = {isa = PBXBuildFile; fileRef = D2F7BF9B24A16CE50017B7F2 /* Database.framework */; };
		D2F7BF9D24A16CE50017B7F2 /* Database.framework in Embed Frameworks */ = {isa = PBXBuildFile; fileRef = D2F7BF9B24A16CE50017B7F2 /* Database.framework */; settings = {ATTRIBUTES = (CodeSignOnCopy, RemoveHeadersOnCopy, ); }; };
		D2F7BFA024A16D670017B7F2 /* CloudKit.framework in Frameworks */ = {isa = PBXBuildFile; fileRef = D2F7BF9F24A16D670017B7F2 /* CloudKit.framework */; };
		D2F7BFA224A180CA0017B7F2 /* AppSidebar.swift in Sources */ = {isa = PBXBuildFile; fileRef = D2F7BFA124A180CA0017B7F2 /* AppSidebar.swift */; };
		D2F7BFA424A181410017B7F2 /* TrainsView.swift in Sources */ = {isa = PBXBuildFile; fileRef = D2F7BFA324A181410017B7F2 /* TrainsView.swift */; };
/* End PBXBuildFile section */

/* Begin PBXContainerItemProxy section */
		D2109A4624A169B900DE0131 /* PBXContainerItemProxy */ = {
			isa = PBXContainerItemProxy;
			containerPortal = D2109A2C24A169B800DE0131 /* Project object */;
			proxyType = 1;
			remoteGlobalIDString = D2109A3324A169B800DE0131;
			remoteInfo = RoundHouse;
		};
		D25E95DF24A3D30A005721A0 /* PBXContainerItemProxy */ = {
			isa = PBXContainerItemProxy;
			containerPortal = D2109A2C24A169B800DE0131 /* Project object */;
			proxyType = 1;
			remoteGlobalIDString = D2C18F4324A2F0B700B3A8F7;
			remoteInfo = "RoundHouse macOS";
		};
/* End PBXContainerItemProxy section */

/* Begin PBXCopyFilesBuildPhase section */
		D2C18F6224A2F1D500B3A8F7 /* Embed Frameworks */ = {
			isa = PBXCopyFilesBuildPhase;
			buildActionMask = 2147483647;
			dstPath = "";
			dstSubfolderSpec = 10;
			files = (
				D2C18F6124A2F1D500B3A8F7 /* Database.framework in Embed Frameworks */,
			);
			name = "Embed Frameworks";
			runOnlyForDeploymentPostprocessing = 0;
		};
		D2F7BF9E24A16CE50017B7F2 /* Embed Frameworks */ = {
			isa = PBXCopyFilesBuildPhase;
			buildActionMask = 2147483647;
			dstPath = "";
			dstSubfolderSpec = 10;
			files = (
				D2F7BF9D24A16CE50017B7F2 /* Database.framework in Embed Frameworks */,
			);
			name = "Embed Frameworks";
			runOnlyForDeploymentPostprocessing = 0;
		};
/* End PBXCopyFilesBuildPhase section */

/* Begin PBXFileReference section */
		D2109A3424A169B800DE0131 /* RoundHouse.app */ = {isa = PBXFileReference; explicitFileType = wrapper.application; includeInIndex = 0; path = RoundHouse.app; sourceTree = BUILT_PRODUCTS_DIR; };
		D2109A3724A169B800DE0131 /* RoundHouseApp.swift */ = {isa = PBXFileReference; lastKnownFileType = sourcecode.swift; path = RoundHouseApp.swift; sourceTree = "<group>"; };
		D2109A3924A169B800DE0131 /* ContentView.swift */ = {isa = PBXFileReference; lastKnownFileType = sourcecode.swift; path = ContentView.swift; sourceTree = "<group>"; };
		D2109A3B24A169B900DE0131 /* Assets.xcassets */ = {isa = PBXFileReference; lastKnownFileType = folder.assetcatalog; path = Assets.xcassets; sourceTree = "<group>"; };
		D2109A3E24A169B900DE0131 /* Preview Assets.xcassets */ = {isa = PBXFileReference; lastKnownFileType = folder.assetcatalog; path = "Preview Assets.xcassets"; sourceTree = "<group>"; };
		D2109A4024A169B900DE0131 /* Info.plist */ = {isa = PBXFileReference; lastKnownFileType = text.plist.xml; path = Info.plist; sourceTree = "<group>"; };
		D2109A4524A169B900DE0131 /* RoundHouseTests.xctest */ = {isa = PBXFileReference; explicitFileType = wrapper.cfbundle; includeInIndex = 0; path = RoundHouseTests.xctest; sourceTree = BUILT_PRODUCTS_DIR; };
		D2109A4924A169B900DE0131 /* RoundHouseTests.swift */ = {isa = PBXFileReference; lastKnownFileType = sourcecode.swift; path = RoundHouseTests.swift; sourceTree = "<group>"; };
		D2109A4B24A169B900DE0131 /* Info.plist */ = {isa = PBXFileReference; lastKnownFileType = text.plist.xml; path = Info.plist; sourceTree = "<group>"; };
		D256CD3524A402D4004A32B8 /* AppTabNavigation.swift */ = {isa = PBXFileReference; lastKnownFileType = sourcecode.swift; path = AppTabNavigation.swift; sourceTree = "<group>"; };
		D25E95DA24A3D30A005721A0 /* RoundHouseTests.xctest */ = {isa = PBXFileReference; explicitFileType = wrapper.cfbundle; includeInIndex = 0; path = RoundHouseTests.xctest; sourceTree = BUILT_PRODUCTS_DIR; };
		D25E95DE24A3D30A005721A0 /* Info.plist */ = {isa = PBXFileReference; lastKnownFileType = text.plist.xml; path = Info.plist; sourceTree = "<group>"; };
		D25E95E524A3D797005721A0 /* NSImage+Data.swift */ = {isa = PBXFileReference; lastKnownFileType = sourcecode.swift; path = "NSImage+Data.swift"; sourceTree = "<group>"; };
		D25E95E724A3DD7F005721A0 /* PurchasesView.swift */ = {isa = PBXFileReference; lastKnownFileType = sourcecode.swift; path = PurchasesView.swift; sourceTree = "<group>"; };
		D25E95EA24A3DF24005721A0 /* AppSidebarNavigation.swift */ = {isa = PBXFileReference; lastKnownFileType = sourcecode.swift; path = AppSidebarNavigation.swift; sourceTree = "<group>"; };
		D26D3C8A24A4734600C9C0B6 /* TrainHeader.swift */ = {isa = PBXFileReference; lastKnownFileType = sourcecode.swift; path = TrainHeader.swift; sourceTree = "<group>"; };
		D26D3C8D24A4773A00C9C0B6 /* TrainList.swift */ = {isa = PBXFileReference; lastKnownFileType = sourcecode.swift; path = TrainList.swift; sourceTree = "<group>"; };
		D26D3C9124A477A500C9C0B6 /* Train+SwiftUI.swift */ = {isa = PBXFileReference; lastKnownFileType = sourcecode.swift; path = "Train+SwiftUI.swift"; sourceTree = "<group>"; };
		D26D3C9424A4791900C9C0B6 /* TrainMemberList.swift */ = {isa = PBXFileReference; lastKnownFileType = sourcecode.swift; path = TrainMemberList.swift; sourceTree = "<group>"; };
		D26D3C9724A4797000C9C0B6 /* TrainMember+SwiftUI.swift */ = {isa = PBXFileReference; lastKnownFileType = sourcecode.swift; path = "TrainMember+SwiftUI.swift"; sourceTree = "<group>"; };
		D26D3C9D24A47B3800C9C0B6 /* Model+Image.swift */ = {isa = PBXFileReference; lastKnownFileType = sourcecode.swift; path = "Model+Image.swift"; sourceTree = "<group>"; };
		D2C18F3424A2854D00B3A8F7 /* PreviewContent.swift */ = {isa = PBXFileReference; lastKnownFileType = sourcecode.swift; path = PreviewContent.swift; sourceTree = "<group>"; };
		D2C18F4424A2F0B700B3A8F7 /* RoundHouse.app */ = {isa = PBXFileReference; explicitFileType = wrapper.application; includeInIndex = 0; path = RoundHouse.app; sourceTree = BUILT_PRODUCTS_DIR; };
		D2C18F4F24A2F0B700B3A8F7 /* Info.plist */ = {isa = PBXFileReference; lastKnownFileType = text.plist.xml; path = Info.plist; sourceTree = "<group>"; };
		D2C18F5024A2F0B700B3A8F7 /* RoundHouse.entitlements */ = {isa = PBXFileReference; lastKnownFileType = text.plist.entitlements; path = RoundHouse.entitlements; sourceTree = "<group>"; };
		D2C18F5D24A2F1B400B3A8F7 /* CloudKit.framework */ = {isa = PBXFileReference; lastKnownFileType = wrapper.framework; name = CloudKit.framework; path = Platforms/MacOSX.platform/Developer/SDKs/MacOSX10.16.sdk/System/Library/Frameworks/CloudKit.framework; sourceTree = DEVELOPER_DIR; };
		D2C18F5F24A2F1D500B3A8F7 /* Database.framework */ = {isa = PBXFileReference; explicitFileType = wrapper.framework; path = Database.framework; sourceTree = BUILT_PRODUCTS_DIR; };
		D2F7BF9924A16BCB0017B7F2 /* RoundHouse.entitlements */ = {isa = PBXFileReference; lastKnownFileType = text.plist.entitlements; path = RoundHouse.entitlements; sourceTree = "<group>"; };
		D2F7BF9B24A16CE50017B7F2 /* Database.framework */ = {isa = PBXFileReference; explicitFileType = wrapper.framework; path = Database.framework; sourceTree = BUILT_PRODUCTS_DIR; };
		D2F7BF9F24A16D670017B7F2 /* CloudKit.framework */ = {isa = PBXFileReference; lastKnownFileType = wrapper.framework; name = CloudKit.framework; path = System/Library/Frameworks/CloudKit.framework; sourceTree = SDKROOT; };
		D2F7BFA124A180CA0017B7F2 /* AppSidebar.swift */ = {isa = PBXFileReference; lastKnownFileType = sourcecode.swift; path = AppSidebar.swift; sourceTree = "<group>"; };
		D2F7BFA324A181410017B7F2 /* TrainsView.swift */ = {isa = PBXFileReference; lastKnownFileType = sourcecode.swift; path = TrainsView.swift; sourceTree = "<group>"; };
/* End PBXFileReference section */

/* Begin PBXFrameworksBuildPhase section */
		D2109A3124A169B800DE0131 /* Frameworks */ = {
			isa = PBXFrameworksBuildPhase;
			buildActionMask = 2147483647;
			files = (
				D2F7BF9C24A16CE50017B7F2 /* Database.framework in Frameworks */,
				D2F7BFA024A16D670017B7F2 /* CloudKit.framework in Frameworks */,
			);
			runOnlyForDeploymentPostprocessing = 0;
		};
		D2109A4224A169B900DE0131 /* Frameworks */ = {
			isa = PBXFrameworksBuildPhase;
			buildActionMask = 2147483647;
			files = (
			);
			runOnlyForDeploymentPostprocessing = 0;
		};
		D25E95D724A3D30A005721A0 /* Frameworks */ = {
			isa = PBXFrameworksBuildPhase;
			buildActionMask = 2147483647;
			files = (
			);
			runOnlyForDeploymentPostprocessing = 0;
		};
		D2C18F4124A2F0B700B3A8F7 /* Frameworks */ = {
			isa = PBXFrameworksBuildPhase;
			buildActionMask = 2147483647;
			files = (
				D2C18F5E24A2F1B400B3A8F7 /* CloudKit.framework in Frameworks */,
				D2C18F6024A2F1D500B3A8F7 /* Database.framework in Frameworks */,
			);
			runOnlyForDeploymentPostprocessing = 0;
		};
/* End PBXFrameworksBuildPhase section */

/* Begin PBXGroup section */
		D2109A2B24A169B800DE0131 = {
			isa = PBXGroup;
			children = (
				D2109A3624A169B800DE0131 /* RoundHouse */,
				D2109A4824A169B900DE0131 /* RoundHouseTests */,
				D2C18F3E24A2F00900B3A8F7 /* RoundHouse iOS */,
				D2C18F4524A2F0B700B3A8F7 /* RoundHouse macOS */,
				D25E95D524A3D2C2005721A0 /* RoundHouseTests iOS */,
				D25E95DB24A3D30A005721A0 /* RoundHouseTests macOS */,
				D2109A3524A169B800DE0131 /* Products */,
				D2F7BF9A24A16CE50017B7F2 /* Frameworks */,
			);
			sourceTree = "<group>";
		};
		D2109A3524A169B800DE0131 /* Products */ = {
			isa = PBXGroup;
			children = (
				D2109A3424A169B800DE0131 /* RoundHouse.app */,
				D2109A4524A169B900DE0131 /* RoundHouseTests.xctest */,
				D2C18F4424A2F0B700B3A8F7 /* RoundHouse.app */,
				D25E95DA24A3D30A005721A0 /* RoundHouseTests.xctest */,
			);
			name = Products;
			sourceTree = "<group>";
		};
		D2109A3624A169B800DE0131 /* RoundHouse */ = {
			isa = PBXGroup;
			children = (
				D26D3C9024A4779700C9C0B6 /* Model+SwiftUI */,
				D2109A3724A169B800DE0131 /* RoundHouseApp.swift */,
				D2109A3924A169B800DE0131 /* ContentView.swift */,
				D2F7BFA124A180CA0017B7F2 /* AppSidebar.swift */,
				D25E95EA24A3DF24005721A0 /* AppSidebarNavigation.swift */,
				D256CD3524A402D4004A32B8 /* AppTabNavigation.swift */,
				D25E95E724A3DD7F005721A0 /* PurchasesView.swift */,
				D2F7BFA324A181410017B7F2 /* TrainsView.swift */,
				D26D3C8D24A4773A00C9C0B6 /* TrainList.swift */,
				D26D3C8A24A4734600C9C0B6 /* TrainHeader.swift */,
				D26D3C9424A4791900C9C0B6 /* TrainMemberList.swift */,
				D2109A3B24A169B900DE0131 /* Assets.xcassets */,
				D2109A3D24A169B900DE0131 /* Preview Content */,
			);
			path = RoundHouse;
			sourceTree = "<group>";
		};
		D2109A3D24A169B900DE0131 /* Preview Content */ = {
			isa = PBXGroup;
			children = (
				D2C18F3424A2854D00B3A8F7 /* PreviewContent.swift */,
				D25E95E524A3D797005721A0 /* NSImage+Data.swift */,
				D2109A3E24A169B900DE0131 /* Preview Assets.xcassets */,
			);
			path = "Preview Content";
			sourceTree = "<group>";
		};
		D2109A4824A169B900DE0131 /* RoundHouseTests */ = {
			isa = PBXGroup;
			children = (
				D2109A4924A169B900DE0131 /* RoundHouseTests.swift */,
			);
			path = RoundHouseTests;
			sourceTree = "<group>";
		};
		D25E95D524A3D2C2005721A0 /* RoundHouseTests iOS */ = {
			isa = PBXGroup;
			children = (
				D2109A4B24A169B900DE0131 /* Info.plist */,
			);
			path = "RoundHouseTests iOS";
			sourceTree = "<group>";
		};
		D25E95DB24A3D30A005721A0 /* RoundHouseTests macOS */ = {
			isa = PBXGroup;
			children = (
				D25E95DE24A3D30A005721A0 /* Info.plist */,
			);
			path = "RoundHouseTests macOS";
			sourceTree = "<group>";
		};
		D26D3C9024A4779700C9C0B6 /* Model+SwiftUI */ = {
			isa = PBXGroup;
			children = (
				D26D3C9D24A47B3800C9C0B6 /* Model+Image.swift */,
				D26D3C9124A477A500C9C0B6 /* Train+SwiftUI.swift */,
				D26D3C9724A4797000C9C0B6 /* TrainMember+SwiftUI.swift */,
			);
			path = "Model+SwiftUI";
			sourceTree = "<group>";
		};
		D2C18F3E24A2F00900B3A8F7 /* RoundHouse iOS */ = {
			isa = PBXGroup;
			children = (
				D2F7BF9924A16BCB0017B7F2 /* RoundHouse.entitlements */,
				D2109A4024A169B900DE0131 /* Info.plist */,
			);
			path = "RoundHouse iOS";
			sourceTree = "<group>";
		};
		D2C18F4524A2F0B700B3A8F7 /* RoundHouse macOS */ = {
			isa = PBXGroup;
			children = (
				D2C18F4F24A2F0B700B3A8F7 /* Info.plist */,
				D2C18F5024A2F0B700B3A8F7 /* RoundHouse.entitlements */,
			);
			path = "RoundHouse macOS";
			sourceTree = "<group>";
		};
		D2F7BF9A24A16CE50017B7F2 /* Frameworks */ = {
			isa = PBXGroup;
			children = (
				D2C18F5F24A2F1D500B3A8F7 /* Database.framework */,
				D2C18F5D24A2F1B400B3A8F7 /* CloudKit.framework */,
				D2F7BF9F24A16D670017B7F2 /* CloudKit.framework */,
				D2F7BF9B24A16CE50017B7F2 /* Database.framework */,
			);
			name = Frameworks;
			sourceTree = "<group>";
		};
/* End PBXGroup section */

/* Begin PBXNativeTarget section */
		D2109A3324A169B800DE0131 /* RoundHouse iOS */ = {
			isa = PBXNativeTarget;
			buildConfigurationList = D2109A5924A169B900DE0131 /* Build configuration list for PBXNativeTarget "RoundHouse iOS" */;
			buildPhases = (
				D2109A3024A169B800DE0131 /* Sources */,
				D2109A3124A169B800DE0131 /* Frameworks */,
				D2109A3224A169B800DE0131 /* Resources */,
				D2F7BF9E24A16CE50017B7F2 /* Embed Frameworks */,
			);
			buildRules = (
			);
			dependencies = (
			);
			name = "RoundHouse iOS";
			productName = RoundHouse;
			productReference = D2109A3424A169B800DE0131 /* RoundHouse.app */;
			productType = "com.apple.product-type.application";
		};
		D2109A4424A169B900DE0131 /* RoundHouseTests iOS */ = {
			isa = PBXNativeTarget;
			buildConfigurationList = D2109A5C24A169B900DE0131 /* Build configuration list for PBXNativeTarget "RoundHouseTests iOS" */;
			buildPhases = (
				D2109A4124A169B900DE0131 /* Sources */,
				D2109A4224A169B900DE0131 /* Frameworks */,
				D2109A4324A169B900DE0131 /* Resources */,
			);
			buildRules = (
			);
			dependencies = (
				D2109A4724A169B900DE0131 /* PBXTargetDependency */,
			);
			name = "RoundHouseTests iOS";
			productName = RoundHouseTests;
			productReference = D2109A4524A169B900DE0131 /* RoundHouseTests.xctest */;
			productType = "com.apple.product-type.bundle.unit-test";
		};
		D25E95D924A3D30A005721A0 /* RoundHouseTests macOS */ = {
			isa = PBXNativeTarget;
			buildConfigurationList = D25E95E124A3D30A005721A0 /* Build configuration list for PBXNativeTarget "RoundHouseTests macOS" */;
			buildPhases = (
				D25E95D624A3D30A005721A0 /* Sources */,
				D25E95D724A3D30A005721A0 /* Frameworks */,
				D25E95D824A3D30A005721A0 /* Resources */,
			);
			buildRules = (
			);
			dependencies = (
				D25E95E024A3D30A005721A0 /* PBXTargetDependency */,
			);
			name = "RoundHouseTests macOS";
			productName = "RoundHouseTests macOS";
			productReference = D25E95DA24A3D30A005721A0 /* RoundHouseTests.xctest */;
			productType = "com.apple.product-type.bundle.unit-test";
		};
		D2C18F4324A2F0B700B3A8F7 /* RoundHouse macOS */ = {
			isa = PBXNativeTarget;
			buildConfigurationList = D2C18F5124A2F0B700B3A8F7 /* Build configuration list for PBXNativeTarget "RoundHouse macOS" */;
			buildPhases = (
				D2C18F4024A2F0B700B3A8F7 /* Sources */,
				D2C18F4124A2F0B700B3A8F7 /* Frameworks */,
				D2C18F4224A2F0B700B3A8F7 /* Resources */,
				D2C18F6224A2F1D500B3A8F7 /* Embed Frameworks */,
			);
			buildRules = (
			);
			dependencies = (
			);
			name = "RoundHouse macOS";
			productName = "RoundHouse macOS";
			productReference = D2C18F4424A2F0B700B3A8F7 /* RoundHouse.app */;
			productType = "com.apple.product-type.application";
		};
/* End PBXNativeTarget section */

/* Begin PBXProject section */
		D2109A2C24A169B800DE0131 /* Project object */ = {
			isa = PBXProject;
			attributes = {
				LastSwiftUpdateCheck = 1200;
				LastUpgradeCheck = 1200;
				TargetAttributes = {
					D2109A3324A169B800DE0131 = {
						CreatedOnToolsVersion = 12.0;
					};
					D2109A4424A169B900DE0131 = {
						CreatedOnToolsVersion = 12.0;
						TestTargetID = D2109A3324A169B800DE0131;
					};
					D25E95D924A3D30A005721A0 = {
						CreatedOnToolsVersion = 12.0;
						TestTargetID = D2C18F4324A2F0B700B3A8F7;
					};
					D2C18F4324A2F0B700B3A8F7 = {
						CreatedOnToolsVersion = 12.0;
					};
				};
			};
			buildConfigurationList = D2109A2F24A169B800DE0131 /* Build configuration list for PBXProject "RoundHouse" */;
			compatibilityVersion = "Xcode 9.3";
			developmentRegion = en;
			hasScannedForEncodings = 0;
			knownRegions = (
				en,
				Base,
			);
			mainGroup = D2109A2B24A169B800DE0131;
			productRefGroup = D2109A3524A169B800DE0131 /* Products */;
			projectDirPath = "";
			projectRoot = "";
			targets = (
				D2109A3324A169B800DE0131 /* RoundHouse iOS */,
				D2C18F4324A2F0B700B3A8F7 /* RoundHouse macOS */,
				D2109A4424A169B900DE0131 /* RoundHouseTests iOS */,
				D25E95D924A3D30A005721A0 /* RoundHouseTests macOS */,
			);
		};
/* End PBXProject section */

/* Begin PBXResourcesBuildPhase section */
		D2109A3224A169B800DE0131 /* Resources */ = {
			isa = PBXResourcesBuildPhase;
			buildActionMask = 2147483647;
			files = (
				D2109A3F24A169B900DE0131 /* Preview Assets.xcassets in Resources */,
				D2109A3C24A169B900DE0131 /* Assets.xcassets in Resources */,
			);
			runOnlyForDeploymentPostprocessing = 0;
		};
		D2109A4324A169B900DE0131 /* Resources */ = {
			isa = PBXResourcesBuildPhase;
			buildActionMask = 2147483647;
			files = (
			);
			runOnlyForDeploymentPostprocessing = 0;
		};
		D25E95D824A3D30A005721A0 /* Resources */ = {
			isa = PBXResourcesBuildPhase;
			buildActionMask = 2147483647;
			files = (
			);
			runOnlyForDeploymentPostprocessing = 0;
		};
		D2C18F4224A2F0B700B3A8F7 /* Resources */ = {
			isa = PBXResourcesBuildPhase;
			buildActionMask = 2147483647;
			files = (
				D2C18F5624A2F18900B3A8F7 /* Preview Assets.xcassets in Resources */,
				D2C18F5424A2F18100B3A8F7 /* Assets.xcassets in Resources */,
			);
			runOnlyForDeploymentPostprocessing = 0;
		};
/* End PBXResourcesBuildPhase section */

/* Begin PBXSourcesBuildPhase section */
		D2109A3024A169B800DE0131 /* Sources */ = {
			isa = PBXSourcesBuildPhase;
			buildActionMask = 2147483647;
			files = (
				D26D3C9824A4797000C9C0B6 /* TrainMember+SwiftUI.swift in Sources */,
				D26D3C9E24A47B3800C9C0B6 /* Model+Image.swift in Sources */,
				D2109A3A24A169B800DE0131 /* ContentView.swift in Sources */,
				D26D3C9224A477A500C9C0B6 /* Train+SwiftUI.swift in Sources */,
				D26D3C8B24A4734600C9C0B6 /* TrainHeader.swift in Sources */,
				D2F7BFA224A180CA0017B7F2 /* AppSidebar.swift in Sources */,
				D2C18F3524A2854D00B3A8F7 /* PreviewContent.swift in Sources */,
				D25E95E824A3DD7F005721A0 /* PurchasesView.swift in Sources */,
				D26D3C9524A4791900C9C0B6 /* TrainMemberList.swift in Sources */,
				D2109A3824A169B800DE0131 /* RoundHouseApp.swift in Sources */,
				D25E95EB24A3DF24005721A0 /* AppSidebarNavigation.swift in Sources */,
				D2F7BFA424A181410017B7F2 /* TrainsView.swift in Sources */,
				D26D3C8E24A4773A00C9C0B6 /* TrainList.swift in Sources */,
				D256CD3624A402D4004A32B8 /* AppTabNavigation.swift in Sources */,
			);
			runOnlyForDeploymentPostprocessing = 0;
		};
		D2109A4124A169B900DE0131 /* Sources */ = {
			isa = PBXSourcesBuildPhase;
			buildActionMask = 2147483647;
			files = (
				D2109A4A24A169B900DE0131 /* RoundHouseTests.swift in Sources */,
			);
			runOnlyForDeploymentPostprocessing = 0;
		};
		D25E95D624A3D30A005721A0 /* Sources */ = {
			isa = PBXSourcesBuildPhase;
			buildActionMask = 2147483647;
			files = (
				D25E95E424A3D359005721A0 /* RoundHouseTests.swift in Sources */,
			);
			runOnlyForDeploymentPostprocessing = 0;
		};
		D2C18F4024A2F0B700B3A8F7 /* Sources */ = {
			isa = PBXSourcesBuildPhase;
			buildActionMask = 2147483647;
			files = (
				D25E95EC24A3DF24005721A0 /* AppSidebarNavigation.swift in Sources */,
				D26D3C8C24A4734600C9C0B6 /* TrainHeader.swift in Sources */,
				D26D3C9924A4797000C9C0B6 /* TrainMember+SwiftUI.swift in Sources */,
				D26D3C9324A477A500C9C0B6 /* Train+SwiftUI.swift in Sources */,
				D256CD3724A402D4004A32B8 /* AppTabNavigation.swift in Sources */,
				D25E95E924A3DD7F005721A0 /* PurchasesView.swift in Sources */,
				D25E95E624A3D797005721A0 /* NSImage+Data.swift in Sources */,
				D2C18F5A24A2F18C00B3A8F7 /* RoundHouseApp.swift in Sources */,
				D2C18F5824A2F18C00B3A8F7 /* TrainsView.swift in Sources */,
				D26D3C8F24A4773A00C9C0B6 /* TrainList.swift in Sources */,
				D26D3C9F24A47B3800C9C0B6 /* Model+Image.swift in Sources */,
				D2C18F5724A2F18C00B3A8F7 /* AppSidebar.swift in Sources */,
				D2C18F5924A2F18C00B3A8F7 /* ContentView.swift in Sources */,
				D2C18F5524A2F18600B3A8F7 /* PreviewContent.swift in Sources */,
				D26D3C9624A4791900C9C0B6 /* TrainMemberList.swift in Sources */,
			);
			runOnlyForDeploymentPostprocessing = 0;
		};
/* End PBXSourcesBuildPhase section */

/* Begin PBXTargetDependency section */
		D2109A4724A169B900DE0131 /* PBXTargetDependency */ = {
			isa = PBXTargetDependency;
			target = D2109A3324A169B800DE0131 /* RoundHouse iOS */;
			targetProxy = D2109A4624A169B900DE0131 /* PBXContainerItemProxy */;
		};
		D25E95E024A3D30A005721A0 /* PBXTargetDependency */ = {
			isa = PBXTargetDependency;
			target = D2C18F4324A2F0B700B3A8F7 /* RoundHouse macOS */;
			targetProxy = D25E95DF24A3D30A005721A0 /* PBXContainerItemProxy */;
		};
/* End PBXTargetDependency section */

/* Begin XCBuildConfiguration section */
		D2109A5724A169B900DE0131 /* Debug */ = {
			isa = XCBuildConfiguration;
			buildSettings = {
				ALWAYS_SEARCH_USER_PATHS = NO;
				CLANG_ANALYZER_NONNULL = YES;
				CLANG_ANALYZER_NUMBER_OBJECT_CONVERSION = YES_AGGRESSIVE;
				CLANG_CXX_LANGUAGE_STANDARD = "gnu++14";
				CLANG_CXX_LIBRARY = "libc++";
				CLANG_ENABLE_MODULES = YES;
				CLANG_ENABLE_OBJC_ARC = YES;
				CLANG_ENABLE_OBJC_WEAK = YES;
				CLANG_WARN_BLOCK_CAPTURE_AUTORELEASING = YES;
				CLANG_WARN_BOOL_CONVERSION = YES;
				CLANG_WARN_COMMA = YES;
				CLANG_WARN_CONSTANT_CONVERSION = YES;
				CLANG_WARN_DEPRECATED_OBJC_IMPLEMENTATIONS = YES;
				CLANG_WARN_DIRECT_OBJC_ISA_USAGE = YES_ERROR;
				CLANG_WARN_DOCUMENTATION_COMMENTS = YES;
				CLANG_WARN_EMPTY_BODY = YES;
				CLANG_WARN_ENUM_CONVERSION = YES;
				CLANG_WARN_INFINITE_RECURSION = YES;
				CLANG_WARN_INT_CONVERSION = YES;
				CLANG_WARN_NON_LITERAL_NULL_CONVERSION = YES;
				CLANG_WARN_OBJC_IMPLICIT_RETAIN_SELF = YES;
				CLANG_WARN_OBJC_LITERAL_CONVERSION = YES;
				CLANG_WARN_OBJC_ROOT_CLASS = YES_ERROR;
				CLANG_WARN_QUOTED_INCLUDE_IN_FRAMEWORK_HEADER = YES;
				CLANG_WARN_RANGE_LOOP_ANALYSIS = YES;
				CLANG_WARN_STRICT_PROTOTYPES = YES;
				CLANG_WARN_SUSPICIOUS_MOVE = YES;
				CLANG_WARN_UNGUARDED_AVAILABILITY = YES_AGGRESSIVE;
				CLANG_WARN_UNREACHABLE_CODE = YES;
				CLANG_WARN__DUPLICATE_METHOD_MATCH = YES;
				COPY_PHASE_STRIP = NO;
				DEBUG_INFORMATION_FORMAT = dwarf;
				ENABLE_STRICT_OBJC_MSGSEND = YES;
				ENABLE_TESTABILITY = YES;
				GCC_C_LANGUAGE_STANDARD = gnu11;
				GCC_DYNAMIC_NO_PIC = NO;
				GCC_NO_COMMON_BLOCKS = YES;
				GCC_OPTIMIZATION_LEVEL = 0;
				GCC_PREPROCESSOR_DEFINITIONS = (
					"DEBUG=1",
					"$(inherited)",
				);
				GCC_WARN_64_TO_32_BIT_CONVERSION = YES;
				GCC_WARN_ABOUT_RETURN_TYPE = YES_ERROR;
				GCC_WARN_UNDECLARED_SELECTOR = YES;
				GCC_WARN_UNINITIALIZED_AUTOS = YES_AGGRESSIVE;
				GCC_WARN_UNUSED_FUNCTION = YES;
				GCC_WARN_UNUSED_VARIABLE = YES;
				IPHONEOS_DEPLOYMENT_TARGET = 14.0;
				MTL_ENABLE_DEBUG_INFO = INCLUDE_SOURCE;
				MTL_FAST_MATH = YES;
				ONLY_ACTIVE_ARCH = YES;
				SDKROOT = iphoneos;
				SWIFT_ACTIVE_COMPILATION_CONDITIONS = DEBUG;
				SWIFT_OPTIMIZATION_LEVEL = "-Onone";
			};
			name = Debug;
		};
		D2109A5824A169B900DE0131 /* Release */ = {
			isa = XCBuildConfiguration;
			buildSettings = {
				ALWAYS_SEARCH_USER_PATHS = NO;
				CLANG_ANALYZER_NONNULL = YES;
				CLANG_ANALYZER_NUMBER_OBJECT_CONVERSION = YES_AGGRESSIVE;
				CLANG_CXX_LANGUAGE_STANDARD = "gnu++14";
				CLANG_CXX_LIBRARY = "libc++";
				CLANG_ENABLE_MODULES = YES;
				CLANG_ENABLE_OBJC_ARC = YES;
				CLANG_ENABLE_OBJC_WEAK = YES;
				CLANG_WARN_BLOCK_CAPTURE_AUTORELEASING = YES;
				CLANG_WARN_BOOL_CONVERSION = YES;
				CLANG_WARN_COMMA = YES;
				CLANG_WARN_CONSTANT_CONVERSION = YES;
				CLANG_WARN_DEPRECATED_OBJC_IMPLEMENTATIONS = YES;
				CLANG_WARN_DIRECT_OBJC_ISA_USAGE = YES_ERROR;
				CLANG_WARN_DOCUMENTATION_COMMENTS = YES;
				CLANG_WARN_EMPTY_BODY = YES;
				CLANG_WARN_ENUM_CONVERSION = YES;
				CLANG_WARN_INFINITE_RECURSION = YES;
				CLANG_WARN_INT_CONVERSION = YES;
				CLANG_WARN_NON_LITERAL_NULL_CONVERSION = YES;
				CLANG_WARN_OBJC_IMPLICIT_RETAIN_SELF = YES;
				CLANG_WARN_OBJC_LITERAL_CONVERSION = YES;
				CLANG_WARN_OBJC_ROOT_CLASS = YES_ERROR;
				CLANG_WARN_QUOTED_INCLUDE_IN_FRAMEWORK_HEADER = YES;
				CLANG_WARN_RANGE_LOOP_ANALYSIS = YES;
				CLANG_WARN_STRICT_PROTOTYPES = YES;
				CLANG_WARN_SUSPICIOUS_MOVE = YES;
				CLANG_WARN_UNGUARDED_AVAILABILITY = YES_AGGRESSIVE;
				CLANG_WARN_UNREACHABLE_CODE = YES;
				CLANG_WARN__DUPLICATE_METHOD_MATCH = YES;
				COPY_PHASE_STRIP = NO;
				DEBUG_INFORMATION_FORMAT = "dwarf-with-dsym";
				ENABLE_NS_ASSERTIONS = NO;
				ENABLE_STRICT_OBJC_MSGSEND = YES;
				GCC_C_LANGUAGE_STANDARD = gnu11;
				GCC_NO_COMMON_BLOCKS = YES;
				GCC_WARN_64_TO_32_BIT_CONVERSION = YES;
				GCC_WARN_ABOUT_RETURN_TYPE = YES_ERROR;
				GCC_WARN_UNDECLARED_SELECTOR = YES;
				GCC_WARN_UNINITIALIZED_AUTOS = YES_AGGRESSIVE;
				GCC_WARN_UNUSED_FUNCTION = YES;
				GCC_WARN_UNUSED_VARIABLE = YES;
				IPHONEOS_DEPLOYMENT_TARGET = 14.0;
				MTL_ENABLE_DEBUG_INFO = NO;
				MTL_FAST_MATH = YES;
				SDKROOT = iphoneos;
				SWIFT_COMPILATION_MODE = wholemodule;
				SWIFT_OPTIMIZATION_LEVEL = "-O";
				VALIDATE_PRODUCT = YES;
			};
			name = Release;
		};
		D2109A5A24A169B900DE0131 /* Debug */ = {
			isa = XCBuildConfiguration;
			buildSettings = {
				ASSETCATALOG_COMPILER_APPICON_NAME = AppIcon;
				ASSETCATALOG_COMPILER_GLOBAL_ACCENT_COLOR_NAME = AccentColor;
				CODE_SIGN_ENTITLEMENTS = "RoundHouse iOS/RoundHouse.entitlements";
				CODE_SIGN_STYLE = Automatic;
				DEVELOPMENT_ASSET_PATHS = "\"RoundHouse/Preview Content\"";
				DEVELOPMENT_TEAM = 79P776W2YF;
				ENABLE_PREVIEWS = YES;
				INFOPLIST_FILE = "RoundHouse iOS/Info.plist";
				IPHONEOS_DEPLOYMENT_TARGET = 14.0;
				LD_RUNPATH_SEARCH_PATHS = (
					"$(inherited)",
					"@executable_path/Frameworks",
				);
				PRODUCT_BUNDLE_IDENTIFIER = com.netsplit.RoundHouse;
				PRODUCT_NAME = RoundHouse;
				SUPPORTS_MACCATALYST = NO;
				SWIFT_VERSION = 5.0;
				TARGETED_DEVICE_FAMILY = "1,2";
			};
			name = Debug;
		};
		D2109A5B24A169B900DE0131 /* Release */ = {
			isa = XCBuildConfiguration;
			buildSettings = {
				ASSETCATALOG_COMPILER_APPICON_NAME = AppIcon;
				ASSETCATALOG_COMPILER_GLOBAL_ACCENT_COLOR_NAME = AccentColor;
				CODE_SIGN_ENTITLEMENTS = "RoundHouse iOS/RoundHouse.entitlements";
				CODE_SIGN_STYLE = Automatic;
				DEVELOPMENT_ASSET_PATHS = "\"RoundHouse/Preview Content\"";
				DEVELOPMENT_TEAM = 79P776W2YF;
				ENABLE_PREVIEWS = YES;
				INFOPLIST_FILE = "RoundHouse iOS/Info.plist";
				IPHONEOS_DEPLOYMENT_TARGET = 14.0;
				LD_RUNPATH_SEARCH_PATHS = (
					"$(inherited)",
					"@executable_path/Frameworks",
				);
				PRODUCT_BUNDLE_IDENTIFIER = com.netsplit.RoundHouse;
				PRODUCT_NAME = RoundHouse;
				SUPPORTS_MACCATALYST = NO;
				SWIFT_VERSION = 5.0;
				TARGETED_DEVICE_FAMILY = "1,2";
			};
			name = Release;
		};
		D2109A5D24A169B900DE0131 /* Debug */ = {
			isa = XCBuildConfiguration;
			buildSettings = {
				ALWAYS_EMBED_SWIFT_STANDARD_LIBRARIES = YES;
				BUNDLE_LOADER = "$(TEST_HOST)";
				CODE_SIGN_STYLE = Automatic;
				DEVELOPMENT_TEAM = 79P776W2YF;
				INFOPLIST_FILE = "RoundHouseTests iOS/Info.plist";
				IPHONEOS_DEPLOYMENT_TARGET = 14.0;
				LD_RUNPATH_SEARCH_PATHS = (
					"$(inherited)",
					"@executable_path/Frameworks",
					"@loader_path/Frameworks",
				);
				PRODUCT_BUNDLE_IDENTIFIER = com.netsplit.RoundHouseTests;
				PRODUCT_NAME = RoundHouseTests;
				SWIFT_VERSION = 5.0;
				TARGETED_DEVICE_FAMILY = "1,2";
				TEST_HOST = "$(BUILT_PRODUCTS_DIR)/RoundHouse.app/RoundHouse";
			};
			name = Debug;
		};
		D2109A5E24A169B900DE0131 /* Release */ = {
			isa = XCBuildConfiguration;
			buildSettings = {
				ALWAYS_EMBED_SWIFT_STANDARD_LIBRARIES = YES;
				BUNDLE_LOADER = "$(TEST_HOST)";
				CODE_SIGN_STYLE = Automatic;
				DEVELOPMENT_TEAM = 79P776W2YF;
				INFOPLIST_FILE = "RoundHouseTests iOS/Info.plist";
				IPHONEOS_DEPLOYMENT_TARGET = 14.0;
				LD_RUNPATH_SEARCH_PATHS = (
					"$(inherited)",
					"@executable_path/Frameworks",
					"@loader_path/Frameworks",
				);
				PRODUCT_BUNDLE_IDENTIFIER = com.netsplit.RoundHouseTests;
				PRODUCT_NAME = RoundHouseTests;
				SWIFT_VERSION = 5.0;
				TARGETED_DEVICE_FAMILY = "1,2";
				TEST_HOST = "$(BUILT_PRODUCTS_DIR)/RoundHouse.app/RoundHouse";
			};
			name = Release;
		};
		D25E95E224A3D30A005721A0 /* Debug */ = {
			isa = XCBuildConfiguration;
			buildSettings = {
				BUNDLE_LOADER = "$(TEST_HOST)";
				CODE_SIGN_STYLE = Automatic;
				COMBINE_HIDPI_IMAGES = YES;
				DEVELOPMENT_TEAM = 79P776W2YF;
				INFOPLIST_FILE = "RoundHouseTests macOS/Info.plist";
				LD_RUNPATH_SEARCH_PATHS = (
					"$(inherited)",
					"@executable_path/../Frameworks",
					"@loader_path/../Frameworks",
				);
				MACOSX_DEPLOYMENT_TARGET = 10.16;
				PRODUCT_BUNDLE_IDENTIFIER = com.netsplit.RoundHouseTests;
				PRODUCT_NAME = RoundHouseTests;
				SDKROOT = macosx;
				SWIFT_VERSION = 5.0;
				TEST_HOST = "$(BUILT_PRODUCTS_DIR)/RoundHouse.app/Contents/MacOS/RoundHouse";
			};
			name = Debug;
		};
		D25E95E324A3D30A005721A0 /* Release */ = {
			isa = XCBuildConfiguration;
			buildSettings = {
				BUNDLE_LOADER = "$(TEST_HOST)";
				CODE_SIGN_STYLE = Automatic;
				COMBINE_HIDPI_IMAGES = YES;
				DEVELOPMENT_TEAM = 79P776W2YF;
				INFOPLIST_FILE = "RoundHouseTests macOS/Info.plist";
				LD_RUNPATH_SEARCH_PATHS = (
					"$(inherited)",
					"@executable_path/../Frameworks",
					"@loader_path/../Frameworks",
				);
				MACOSX_DEPLOYMENT_TARGET = 10.16;
				PRODUCT_BUNDLE_IDENTIFIER = com.netsplit.RoundHouseTests;
				PRODUCT_NAME = RoundHouseTests;
				SDKROOT = macosx;
				SWIFT_VERSION = 5.0;
				TEST_HOST = "$(BUILT_PRODUCTS_DIR)/RoundHouse.app/Contents/MacOS/RoundHouse";
			};
			name = Release;
		};
		D2C18F5224A2F0B700B3A8F7 /* Debug */ = {
			isa = XCBuildConfiguration;
			buildSettings = {
				ASSETCATALOG_COMPILER_APPICON_NAME = AppIcon;
				ASSETCATALOG_COMPILER_GLOBAL_ACCENT_COLOR_NAME = AccentColor;
				CODE_SIGN_ENTITLEMENTS = "RoundHouse macOS/RoundHouse.entitlements";
				CODE_SIGN_STYLE = Automatic;
				COMBINE_HIDPI_IMAGES = YES;
				DEVELOPMENT_ASSET_PATHS = "\"RoundHouse/Preview Content\"";
				DEVELOPMENT_TEAM = 79P776W2YF;
				ENABLE_HARDENED_RUNTIME = YES;
				ENABLE_PREVIEWS = YES;
				INFOPLIST_FILE = "RoundHouse macOS/Info.plist";
				LD_RUNPATH_SEARCH_PATHS = (
					"$(inherited)",
					"@executable_path/../Frameworks",
				);
				MACOSX_DEPLOYMENT_TARGET = 10.16;
				PRODUCT_BUNDLE_IDENTIFIER = com.netsplit.RoundHouse;
				PRODUCT_NAME = RoundHouse;
				SDKROOT = macosx;
				SWIFT_VERSION = 5.0;
			};
			name = Debug;
		};
		D2C18F5324A2F0B700B3A8F7 /* Release */ = {
			isa = XCBuildConfiguration;
			buildSettings = {
				ASSETCATALOG_COMPILER_APPICON_NAME = AppIcon;
				ASSETCATALOG_COMPILER_GLOBAL_ACCENT_COLOR_NAME = AccentColor;
				CODE_SIGN_ENTITLEMENTS = "RoundHouse macOS/RoundHouse.entitlements";
				CODE_SIGN_STYLE = Automatic;
				COMBINE_HIDPI_IMAGES = YES;
				DEVELOPMENT_ASSET_PATHS = "\"RoundHouse/Preview Content\"";
				DEVELOPMENT_TEAM = 79P776W2YF;
				ENABLE_HARDENED_RUNTIME = YES;
				ENABLE_PREVIEWS = YES;
				INFOPLIST_FILE = "RoundHouse macOS/Info.plist";
				LD_RUNPATH_SEARCH_PATHS = (
					"$(inherited)",
					"@executable_path/../Frameworks",
				);
				MACOSX_DEPLOYMENT_TARGET = 10.16;
				PRODUCT_BUNDLE_IDENTIFIER = com.netsplit.RoundHouse;
				PRODUCT_NAME = RoundHouse;
				SDKROOT = macosx;
				SWIFT_VERSION = 5.0;
			};
			name = Release;
		};
/* End XCBuildConfiguration section */

/* Begin XCConfigurationList section */
		D2109A2F24A169B800DE0131 /* Build configuration list for PBXProject "RoundHouse" */ = {
			isa = XCConfigurationList;
			buildConfigurations = (
				D2109A5724A169B900DE0131 /* Debug */,
				D2109A5824A169B900DE0131 /* Release */,
			);
			defaultConfigurationIsVisible = 0;
			defaultConfigurationName = Release;
		};
		D2109A5924A169B900DE0131 /* Build configuration list for PBXNativeTarget "RoundHouse iOS" */ = {
			isa = XCConfigurationList;
			buildConfigurations = (
				D2109A5A24A169B900DE0131 /* Debug */,
				D2109A5B24A169B900DE0131 /* Release */,
			);
			defaultConfigurationIsVisible = 0;
			defaultConfigurationName = Release;
		};
		D2109A5C24A169B900DE0131 /* Build configuration list for PBXNativeTarget "RoundHouseTests iOS" */ = {
			isa = XCConfigurationList;
			buildConfigurations = (
				D2109A5D24A169B900DE0131 /* Debug */,
				D2109A5E24A169B900DE0131 /* Release */,
			);
			defaultConfigurationIsVisible = 0;
			defaultConfigurationName = Release;
		};
		D25E95E124A3D30A005721A0 /* Build configuration list for PBXNativeTarget "RoundHouseTests macOS" */ = {
			isa = XCConfigurationList;
			buildConfigurations = (
				D25E95E224A3D30A005721A0 /* Debug */,
				D25E95E324A3D30A005721A0 /* Release */,
			);
			defaultConfigurationIsVisible = 0;
			defaultConfigurationName = Release;
		};
		D2C18F5124A2F0B700B3A8F7 /* Build configuration list for PBXNativeTarget "RoundHouse macOS" */ = {
			isa = XCConfigurationList;
			buildConfigurations = (
				D2C18F5224A2F0B700B3A8F7 /* Debug */,
				D2C18F5324A2F0B700B3A8F7 /* Release */,
			);
			defaultConfigurationIsVisible = 0;
			defaultConfigurationName = Release;
		};
/* End XCConfigurationList section */
	};
	rootObject = D2109A2C24A169B800DE0131 /* Project object */;
}
